
Microsoft Visual Studio Solution File, Format Version 12.00
# Visual Studio Version 17
VisualStudioVersion = 17.0.31903.59
MinimumVisualStudioVersion = 10.0.40219.1
Project("{FAE04EC0-301F-11D3-BF4B-00C04F79EFBC}") = "ZeroToFirstAgent", "ZeroToFirstAgent\ZeroToFirstAgent.csproj", "{90E2FC57-9BCF-4026-8B11-35B9D1C1B958}"
EndProject
Project("{FAE04EC0-301F-11D3-BF4B-00C04F79EFBC}") = "TokenUsage", "TokenUsage\TokenUsage.csproj", "{BBB9464B-CD86-44BF-B56B-D8F688DAAE37}"
EndProject
Project("{FAE04EC0-301F-11D3-BF4B-00C04F79EFBC}") = "Shared", "Shared\Shared.csproj", "{EB26CBC6-31C5-4388-A2FD-0F2F102AEC46}"
EndProject
Project("{FAE04EC0-301F-11D3-BF4B-00C04F79EFBC}") = "ConversationThreads", "ConversationThreads\ConversationThreads.csproj", "{46E876E0-39D5-47E5-8A2B-FCDB158D799D}"
EndProject
Project("{FAE04EC0-301F-11D3-BF4B-00C04F79EFBC}") = "ToolCalling.Basics", "ToolCalling.Basics\ToolCalling.Basics.csproj", "{43B8235C-2A1E-417A-89D4-944F54482947}"
EndProject
Project("{FAE04EC0-301F-11D3-BF4B-00C04F79EFBC}") = "ToolCalling.Advanced", "ToolCalling.Advanced\ToolCalling.Advanced.csproj", "{AB3041EE-B1F8-4D06-9515-3D6F1A0E5EB4}"
EndProject
Project("{FAE04EC0-301F-11D3-BF4B-00C04F79EFBC}") = "ToolCalling.FromAnMcpServer", "ToolCalling.FromAnMcpServer\ToolCalling.FromAnMcpServer.csproj", "{0EC53728-9F1A-467D-89D9-CD79DBF89240}"
EndProject
Project("{FAE04EC0-301F-11D3-BF4B-00C04F79EFBC}") = "StructuredOutput", "StructuredOutput\StructuredOutput.csproj", "{F6D22883-7A48-4BA4-8C6E-8080BE0FF2A2}"
EndProject
Project("{FAE04EC0-301F-11D3-BF4B-00C04F79EFBC}") = "ReasoningEffort", "ReasoningEffort\ReasoningEffort.csproj", "{B191B93F-F1EE-4B23-87D5-5AEBDAA85870}"
EndProject
Project("{FAE04EC0-301F-11D3-BF4B-00C04F79EFBC}") = "AgentInputData", "AgentInputData\AgentInputData.csproj", "{653F8763-9AE6-4C61-B3DD-399E00AF560A}"
EndProject
Project("{FAE04EC0-301F-11D3-BF4B-00C04F79EFBC}") = "Workflow.AiAssisted.PizzaSample", "Workflow.AiAssisted.PizzaSample\Workflow.AiAssisted.PizzaSample.csproj", "{CCE87DD3-B3E3-4644-AFD7-90BA02085C0D}"
EndProject
Project("{FAE04EC0-301F-11D3-BF4B-00C04F79EFBC}") = "MultiAgent.ManualViaStructuredOutput", "MultiAgent.ManualViaStructuredOutput\MultiAgent.ManualViaStructuredOutput.csproj", "{F10D4B1C-E17E-4CDA-B6AA-5F22E94969A0}"
EndProject
Global
	GlobalSection(SolutionConfigurationPlatforms) = preSolution
		Debug|Any CPU = Debug|Any CPU
		Debug|x64 = Debug|x64
		Debug|x86 = Debug|x86
		Release|Any CPU = Release|Any CPU
		Release|x64 = Release|x64
		Release|x86 = Release|x86
	EndGlobalSection
	GlobalSection(ProjectConfigurationPlatforms) = postSolution
		{90E2FC57-9BCF-4026-8B11-35B9D1C1B958}.Debug|Any CPU.ActiveCfg = Debug|Any CPU
		{90E2FC57-9BCF-4026-8B11-35B9D1C1B958}.Debug|Any CPU.Build.0 = Debug|Any CPU
		{90E2FC57-9BCF-4026-8B11-35B9D1C1B958}.Debug|x64.ActiveCfg = Debug|Any CPU
		{90E2FC57-9BCF-4026-8B11-35B9D1C1B958}.Debug|x64.Build.0 = Debug|Any CPU
		{90E2FC57-9BCF-4026-8B11-35B9D1C1B958}.Debug|x86.ActiveCfg = Debug|Any CPU
		{90E2FC57-9BCF-4026-8B11-35B9D1C1B958}.Debug|x86.Build.0 = Debug|Any CPU
		{90E2FC57-9BCF-4026-8B11-35B9D1C1B958}.Release|Any CPU.ActiveCfg = Release|Any CPU
		{90E2FC57-9BCF-4026-8B11-35B9D1C1B958}.Release|Any CPU.Build.0 = Release|Any CPU
		{90E2FC57-9BCF-4026-8B11-35B9D1C1B958}.Release|x64.ActiveCfg = Release|Any CPU
		{90E2FC57-9BCF-4026-8B11-35B9D1C1B958}.Release|x64.Build.0 = Release|Any CPU
		{90E2FC57-9BCF-4026-8B11-35B9D1C1B958}.Release|x86.ActiveCfg = Release|Any CPU
		{90E2FC57-9BCF-4026-8B11-35B9D1C1B958}.Release|x86.Build.0 = Release|Any CPU
		{BBB9464B-CD86-44BF-B56B-D8F688DAAE37}.Debug|Any CPU.ActiveCfg = Debug|Any CPU
		{BBB9464B-CD86-44BF-B56B-D8F688DAAE37}.Debug|Any CPU.Build.0 = Debug|Any CPU
		{BBB9464B-CD86-44BF-B56B-D8F688DAAE37}.Debug|x64.ActiveCfg = Debug|Any CPU
		{BBB9464B-CD86-44BF-B56B-D8F688DAAE37}.Debug|x64.Build.0 = Debug|Any CPU
		{BBB9464B-CD86-44BF-B56B-D8F688DAAE37}.Debug|x86.ActiveCfg = Debug|Any CPU
		{BBB9464B-CD86-44BF-B56B-D8F688DAAE37}.Debug|x86.Build.0 = Debug|Any CPU
		{BBB9464B-CD86-44BF-B56B-D8F688DAAE37}.Release|Any CPU.ActiveCfg = Release|Any CPU
		{BBB9464B-CD86-44BF-B56B-D8F688DAAE37}.Release|Any CPU.Build.0 = Release|Any CPU
		{BBB9464B-CD86-44BF-B56B-D8F688DAAE37}.Release|x64.ActiveCfg = Release|Any CPU
		{BBB9464B-CD86-44BF-B56B-D8F688DAAE37}.Release|x64.Build.0 = Release|Any CPU
		{BBB9464B-CD86-44BF-B56B-D8F688DAAE37}.Release|x86.ActiveCfg = Release|Any CPU
		{BBB9464B-CD86-44BF-B56B-D8F688DAAE37}.Release|x86.Build.0 = Release|Any CPU
		{EB26CBC6-31C5-4388-A2FD-0F2F102AEC46}.Debug|Any CPU.ActiveCfg = Debug|Any CPU
		{EB26CBC6-31C5-4388-A2FD-0F2F102AEC46}.Debug|Any CPU.Build.0 = Debug|Any CPU
		{EB26CBC6-31C5-4388-A2FD-0F2F102AEC46}.Debug|x64.ActiveCfg = Debug|Any CPU
		{EB26CBC6-31C5-4388-A2FD-0F2F102AEC46}.Debug|x64.Build.0 = Debug|Any CPU
		{EB26CBC6-31C5-4388-A2FD-0F2F102AEC46}.Debug|x86.ActiveCfg = Debug|Any CPU
		{EB26CBC6-31C5-4388-A2FD-0F2F102AEC46}.Debug|x86.Build.0 = Debug|Any CPU
		{EB26CBC6-31C5-4388-A2FD-0F2F102AEC46}.Release|Any CPU.ActiveCfg = Release|Any CPU
		{EB26CBC6-31C5-4388-A2FD-0F2F102AEC46}.Release|Any CPU.Build.0 = Release|Any CPU
		{EB26CBC6-31C5-4388-A2FD-0F2F102AEC46}.Release|x64.ActiveCfg = Release|Any CPU
		{EB26CBC6-31C5-4388-A2FD-0F2F102AEC46}.Release|x64.Build.0 = Release|Any CPU
		{EB26CBC6-31C5-4388-A2FD-0F2F102AEC46}.Release|x86.ActiveCfg = Release|Any CPU
		{EB26CBC6-31C5-4388-A2FD-0F2F102AEC46}.Release|x86.Build.0 = Release|Any CPU
		{46E876E0-39D5-47E5-8A2B-FCDB158D799D}.Debug|Any CPU.ActiveCfg = Debug|Any CPU
		{46E876E0-39D5-47E5-8A2B-FCDB158D799D}.Debug|Any CPU.Build.0 = Debug|Any CPU
		{46E876E0-39D5-47E5-8A2B-FCDB158D799D}.Debug|x64.ActiveCfg = Debug|Any CPU
		{46E876E0-39D5-47E5-8A2B-FCDB158D799D}.Debug|x64.Build.0 = Debug|Any CPU
		{46E876E0-39D5-47E5-8A2B-FCDB158D799D}.Debug|x86.ActiveCfg = Debug|Any CPU
		{46E876E0-39D5-47E5-8A2B-FCDB158D799D}.Debug|x86.Build.0 = Debug|Any CPU
		{46E876E0-39D5-47E5-8A2B-FCDB158D799D}.Release|Any CPU.ActiveCfg = Release|Any CPU
		{46E876E0-39D5-47E5-8A2B-FCDB158D799D}.Release|Any CPU.Build.0 = Release|Any CPU
		{46E876E0-39D5-47E5-8A2B-FCDB158D799D}.Release|x64.ActiveCfg = Release|Any CPU
		{46E876E0-39D5-47E5-8A2B-FCDB158D799D}.Release|x64.Build.0 = Release|Any CPU
		{46E876E0-39D5-47E5-8A2B-FCDB158D799D}.Release|x86.ActiveCfg = Release|Any CPU
		{46E876E0-39D5-47E5-8A2B-FCDB158D799D}.Release|x86.Build.0 = Release|Any CPU
		{43B8235C-2A1E-417A-89D4-944F54482947}.Debug|Any CPU.ActiveCfg = Debug|Any CPU
		{43B8235C-2A1E-417A-89D4-944F54482947}.Debug|Any CPU.Build.0 = Debug|Any CPU
		{43B8235C-2A1E-417A-89D4-944F54482947}.Debug|x64.ActiveCfg = Debug|Any CPU
		{43B8235C-2A1E-417A-89D4-944F54482947}.Debug|x64.Build.0 = Debug|Any CPU
		{43B8235C-2A1E-417A-89D4-944F54482947}.Debug|x86.ActiveCfg = Debug|Any CPU
		{43B8235C-2A1E-417A-89D4-944F54482947}.Debug|x86.Build.0 = Debug|Any CPU
		{43B8235C-2A1E-417A-89D4-944F54482947}.Release|Any CPU.ActiveCfg = Release|Any CPU
		{43B8235C-2A1E-417A-89D4-944F54482947}.Release|Any CPU.Build.0 = Release|Any CPU
		{43B8235C-2A1E-417A-89D4-944F54482947}.Release|x64.ActiveCfg = Release|Any CPU
		{43B8235C-2A1E-417A-89D4-944F54482947}.Release|x64.Build.0 = Release|Any CPU
		{43B8235C-2A1E-417A-89D4-944F54482947}.Release|x86.ActiveCfg = Release|Any CPU
		{43B8235C-2A1E-417A-89D4-944F54482947}.Release|x86.Build.0 = Release|Any CPU
		{AB3041EE-B1F8-4D06-9515-3D6F1A0E5EB4}.Debug|Any CPU.ActiveCfg = Debug|Any CPU
		{AB3041EE-B1F8-4D06-9515-3D6F1A0E5EB4}.Debug|Any CPU.Build.0 = Debug|Any CPU
		{AB3041EE-B1F8-4D06-9515-3D6F1A0E5EB4}.Debug|x64.ActiveCfg = Debug|Any CPU
		{AB3041EE-B1F8-4D06-9515-3D6F1A0E5EB4}.Debug|x64.Build.0 = Debug|Any CPU
		{AB3041EE-B1F8-4D06-9515-3D6F1A0E5EB4}.Debug|x86.ActiveCfg = Debug|Any CPU
		{AB3041EE-B1F8-4D06-9515-3D6F1A0E5EB4}.Debug|x86.Build.0 = Debug|Any CPU
		{AB3041EE-B1F8-4D06-9515-3D6F1A0E5EB4}.Release|Any CPU.ActiveCfg = Release|Any CPU
		{AB3041EE-B1F8-4D06-9515-3D6F1A0E5EB4}.Release|Any CPU.Build.0 = Release|Any CPU
		{AB3041EE-B1F8-4D06-9515-3D6F1A0E5EB4}.Release|x64.ActiveCfg = Release|Any CPU
		{AB3041EE-B1F8-4D06-9515-3D6F1A0E5EB4}.Release|x64.Build.0 = Release|Any CPU
		{AB3041EE-B1F8-4D06-9515-3D6F1A0E5EB4}.Release|x86.ActiveCfg = Release|Any CPU
		{AB3041EE-B1F8-4D06-9515-3D6F1A0E5EB4}.Release|x86.Build.0 = Release|Any CPU
		{0EC53728-9F1A-467D-89D9-CD79DBF89240}.Debug|Any CPU.ActiveCfg = Debug|Any CPU
		{0EC53728-9F1A-467D-89D9-CD79DBF89240}.Debug|Any CPU.Build.0 = Debug|Any CPU
		{0EC53728-9F1A-467D-89D9-CD79DBF89240}.Debug|x64.ActiveCfg = Debug|Any CPU
		{0EC53728-9F1A-467D-89D9-CD79DBF89240}.Debug|x64.Build.0 = Debug|Any CPU
		{0EC53728-9F1A-467D-89D9-CD79DBF89240}.Debug|x86.ActiveCfg = Debug|Any CPU
		{0EC53728-9F1A-467D-89D9-CD79DBF89240}.Debug|x86.Build.0 = Debug|Any CPU
		{0EC53728-9F1A-467D-89D9-CD79DBF89240}.Release|Any CPU.ActiveCfg = Release|Any CPU
		{0EC53728-9F1A-467D-89D9-CD79DBF89240}.Release|Any CPU.Build.0 = Release|Any CPU
		{0EC53728-9F1A-467D-89D9-CD79DBF89240}.Release|x64.ActiveCfg = Release|Any CPU
		{0EC53728-9F1A-467D-89D9-CD79DBF89240}.Release|x64.Build.0 = Release|Any CPU
		{0EC53728-9F1A-467D-89D9-CD79DBF89240}.Release|x86.ActiveCfg = Release|Any CPU
		{0EC53728-9F1A-467D-89D9-CD79DBF89240}.Release|x86.Build.0 = Release|Any CPU
		{F6D22883-7A48-4BA4-8C6E-8080BE0FF2A2}.Debug|Any CPU.ActiveCfg = Debug|Any CPU
		{F6D22883-7A48-4BA4-8C6E-8080BE0FF2A2}.Debug|Any CPU.Build.0 = Debug|Any CPU
		{F6D22883-7A48-4BA4-8C6E-8080BE0FF2A2}.Debug|x64.ActiveCfg = Debug|Any CPU
		{F6D22883-7A48-4BA4-8C6E-8080BE0FF2A2}.Debug|x64.Build.0 = Debug|Any CPU
		{F6D22883-7A48-4BA4-8C6E-8080BE0FF2A2}.Debug|x86.ActiveCfg = Debug|Any CPU
		{F6D22883-7A48-4BA4-8C6E-8080BE0FF2A2}.Debug|x86.Build.0 = Debug|Any CPU
		{F6D22883-7A48-4BA4-8C6E-8080BE0FF2A2}.Release|Any CPU.ActiveCfg = Release|Any CPU
		{F6D22883-7A48-4BA4-8C6E-8080BE0FF2A2}.Release|Any CPU.Build.0 = Release|Any CPU
		{F6D22883-7A48-4BA4-8C6E-8080BE0FF2A2}.Release|x64.ActiveCfg = Release|Any CPU
		{F6D22883-7A48-4BA4-8C6E-8080BE0FF2A2}.Release|x64.Build.0 = Release|Any CPU
		{F6D22883-7A48-4BA4-8C6E-8080BE0FF2A2}.Release|x86.ActiveCfg = Release|Any CPU
		{F6D22883-7A48-4BA4-8C6E-8080BE0FF2A2}.Release|x86.Build.0 = Release|Any CPU
		{B191B93F-F1EE-4B23-87D5-5AEBDAA85870}.Debug|Any CPU.ActiveCfg = Debug|Any CPU
		{B191B93F-F1EE-4B23-87D5-5AEBDAA85870}.Debug|Any CPU.Build.0 = Debug|Any CPU
		{B191B93F-F1EE-4B23-87D5-5AEBDAA85870}.Debug|x64.ActiveCfg = Debug|Any CPU
		{B191B93F-F1EE-4B23-87D5-5AEBDAA85870}.Debug|x64.Build.0 = Debug|Any CPU
		{B191B93F-F1EE-4B23-87D5-5AEBDAA85870}.Debug|x86.ActiveCfg = Debug|Any CPU
		{B191B93F-F1EE-4B23-87D5-5AEBDAA85870}.Debug|x86.Build.0 = Debug|Any CPU
		{B191B93F-F1EE-4B23-87D5-5AEBDAA85870}.Release|Any CPU.ActiveCfg = Release|Any CPU
		{B191B93F-F1EE-4B23-87D5-5AEBDAA85870}.Release|Any CPU.Build.0 = Release|Any CPU
		{B191B93F-F1EE-4B23-87D5-5AEBDAA85870}.Release|x64.ActiveCfg = Release|Any CPU
		{B191B93F-F1EE-4B23-87D5-5AEBDAA85870}.Release|x64.Build.0 = Release|Any CPU
		{B191B93F-F1EE-4B23-87D5-5AEBDAA85870}.Release|x86.ActiveCfg = Release|Any CPU
		{B191B93F-F1EE-4B23-87D5-5AEBDAA85870}.Release|x86.Build.0 = Release|Any CPU
		{653F8763-9AE6-4C61-B3DD-399E00AF560A}.Debug|Any CPU.ActiveCfg = Debug|Any CPU
		{653F8763-9AE6-4C61-B3DD-399E00AF560A}.Debug|Any CPU.Build.0 = Debug|Any CPU
		{653F8763-9AE6-4C61-B3DD-399E00AF560A}.Debug|x64.ActiveCfg = Debug|Any CPU
		{653F8763-9AE6-4C61-B3DD-399E00AF560A}.Debug|x64.Build.0 = Debug|Any CPU
		{653F8763-9AE6-4C61-B3DD-399E00AF560A}.Debug|x86.ActiveCfg = Debug|Any CPU
		{653F8763-9AE6-4C61-B3DD-399E00AF560A}.Debug|x86.Build.0 = Debug|Any CPU
		{653F8763-9AE6-4C61-B3DD-399E00AF560A}.Release|Any CPU.ActiveCfg = Release|Any CPU
		{653F8763-9AE6-4C61-B3DD-399E00AF560A}.Release|Any CPU.Build.0 = Release|Any CPU
		{653F8763-9AE6-4C61-B3DD-399E00AF560A}.Release|x64.ActiveCfg = Release|Any CPU
		{653F8763-9AE6-4C61-B3DD-399E00AF560A}.Release|x64.Build.0 = Release|Any CPU
		{653F8763-9AE6-4C61-B3DD-399E00AF560A}.Release|x86.ActiveCfg = Release|Any CPU
		{653F8763-9AE6-4C61-B3DD-399E00AF560A}.Release|x86.Build.0 = Release|Any CPU
		{CCE87DD3-B3E3-4644-AFD7-90BA02085C0D}.Debug|Any CPU.ActiveCfg = Debug|Any CPU
		{CCE87DD3-B3E3-4644-AFD7-90BA02085C0D}.Debug|Any CPU.Build.0 = Debug|Any CPU
		{CCE87DD3-B3E3-4644-AFD7-90BA02085C0D}.Debug|x64.ActiveCfg = Debug|Any CPU
		{CCE87DD3-B3E3-4644-AFD7-90BA02085C0D}.Debug|x64.Build.0 = Debug|Any CPU
		{CCE87DD3-B3E3-4644-AFD7-90BA02085C0D}.Debug|x86.ActiveCfg = Debug|Any CPU
		{CCE87DD3-B3E3-4644-AFD7-90BA02085C0D}.Debug|x86.Build.0 = Debug|Any CPU
		{CCE87DD3-B3E3-4644-AFD7-90BA02085C0D}.Release|Any CPU.ActiveCfg = Release|Any CPU
		{CCE87DD3-B3E3-4644-AFD7-90BA02085C0D}.Release|Any CPU.Build.0 = Release|Any CPU
		{CCE87DD3-B3E3-4644-AFD7-90BA02085C0D}.Release|x64.ActiveCfg = Release|Any CPU
		{CCE87DD3-B3E3-4644-AFD7-90BA02085C0D}.Release|x64.Build.0 = Release|Any CPU
		{CCE87DD3-B3E3-4644-AFD7-90BA02085C0D}.Release|x86.ActiveCfg = Release|Any CPU
		{CCE87DD3-B3E3-4644-AFD7-90BA02085C0D}.Release|x86.Build.0 = Release|Any CPU
		{F10D4B1C-E17E-4CDA-B6AA-5F22E94969A0}.Debug|Any CPU.ActiveCfg = Debug|Any CPU
		{F10D4B1C-E17E-4CDA-B6AA-5F22E94969A0}.Debug|Any CPU.Build.0 = Debug|Any CPU
		{F10D4B1C-E17E-4CDA-B6AA-5F22E94969A0}.Debug|x64.ActiveCfg = Debug|Any CPU
		{F10D4B1C-E17E-4CDA-B6AA-5F22E94969A0}.Debug|x64.Build.0 = Debug|Any CPU
		{F10D4B1C-E17E-4CDA-B6AA-5F22E94969A0}.Debug|x86.ActiveCfg = Debug|Any CPU
		{F10D4B1C-E17E-4CDA-B6AA-5F22E94969A0}.Debug|x86.Build.0 = Debug|Any CPU
		{F10D4B1C-E17E-4CDA-B6AA-5F22E94969A0}.Release|Any CPU.ActiveCfg = Release|Any CPU
		{F10D4B1C-E17E-4CDA-B6AA-5F22E94969A0}.Release|Any CPU.Build.0 = Release|Any CPU
		{F10D4B1C-E17E-4CDA-B6AA-5F22E94969A0}.Release|x64.ActiveCfg = Release|Any CPU
		{F10D4B1C-E17E-4CDA-B6AA-5F22E94969A0}.Release|x64.Build.0 = Release|Any CPU
		{F10D4B1C-E17E-4CDA-B6AA-5F22E94969A0}.Release|x86.ActiveCfg = Release|Any CPU
		{F10D4B1C-E17E-4CDA-B6AA-5F22E94969A0}.Release|x86.Build.0 = Release|Any CPU
	EndGlobalSection
	GlobalSection(SolutionProperties) = preSolution
		HideSolutionNode = FALSE
	EndGlobalSection
EndGlobal
