
Microsoft Visual Studio Solution File, Format Version 12.00
# Visual Studio Version 18
VisualStudioVersion = 18.3.11512.155
MinimumVisualStudioVersion = 10.0.40219.1
Project("{FAE04EC0-301F-11D3-BF4B-00C04F79EFBC}") = "ZeroToFirstAgent", "ZeroToFirstAgent\ZeroToFirstAgent.csproj", "{90E2FC57-9BCF-4026-8B11-35B9D1C1B958}"
EndProject
Project("{FAE04EC0-301F-11D3-BF4B-00C04F79EFBC}") = "TokenUsage", "TokenUsage\TokenUsage.csproj", "{BBB9464B-CD86-44BF-B56B-D8F688DAAE37}"
EndProject
Project("{FAE04EC0-301F-11D3-BF4B-00C04F79EFBC}") = "Shared", "Shared\Shared.csproj", "{EB26CBC6-31C5-4388-A2FD-0F2F102AEC46}"
EndProject
Project("{FAE04EC0-301F-11D3-BF4B-00C04F79EFBC}") = "ConversationThreads", "ConversationThreads\ConversationThreads.csproj", "{46E876E0-39D5-47E5-8A2B-FCDB158D799D}"
EndProject
Project("{FAE04EC0-301F-11D3-BF4B-00C04F79EFBC}") = "ToolCalling.Basics", "ToolCalling.Basics\ToolCalling.Basics.csproj", "{43B8235C-2A1E-417A-89D4-944F54482947}"
EndProject
Project("{FAE04EC0-301F-11D3-BF4B-00C04F79EFBC}") = "ToolCalling.Advanced", "ToolCalling.Advanced\ToolCalling.Advanced.csproj", "{AB3041EE-B1F8-4D06-9515-3D6F1A0E5EB4}"
EndProject
Project("{FAE04EC0-301F-11D3-BF4B-00C04F79EFBC}") = "ToolCalling.FromAnMcpServer", "ToolCalling.FromAnMcpServer\ToolCalling.FromAnMcpServer.csproj", "{0EC53728-9F1A-467D-89D9-CD79DBF89240}"
EndProject
Project("{FAE04EC0-301F-11D3-BF4B-00C04F79EFBC}") = "StructuredOutput", "StructuredOutput\StructuredOutput.csproj", "{F6D22883-7A48-4BA4-8C6E-8080BE0FF2A2}"
EndProject
Project("{FAE04EC0-301F-11D3-BF4B-00C04F79EFBC}") = "ReasoningEffort", "ReasoningEffort\ReasoningEffort.csproj", "{B191B93F-F1EE-4B23-87D5-5AEBDAA85870}"
EndProject
Project("{FAE04EC0-301F-11D3-BF4B-00C04F79EFBC}") = "AgentInputData", "AgentInputData\AgentInputData.csproj", "{653F8763-9AE6-4C61-B3DD-399E00AF560A}"
EndProject
Project("{FAE04EC0-301F-11D3-BF4B-00C04F79EFBC}") = "Workflow.AiAssisted.PizzaSample", "Workflow.AiAssisted.PizzaSample\Workflow.AiAssisted.PizzaSample.csproj", "{CCE87DD3-B3E3-4644-AFD7-90BA02085C0D}"
EndProject
Project("{FAE04EC0-301F-11D3-BF4B-00C04F79EFBC}") = "MultiAgent.ManualViaStructuredOutput", "MultiAgent.ManualViaStructuredOutput\MultiAgent.ManualViaStructuredOutput.csproj", "{F10D4B1C-E17E-4CDA-B6AA-5F22E94969A0}"
EndProject
Project("{FAE04EC0-301F-11D3-BF4B-00C04F79EFBC}") = "MultiAgent.AgentAsTool", "MultiAgent.AgentAsTool\MultiAgent.AgentAsTool.csproj", "{96BFFDB0-0508-4F0D-80F9-A1B9AFA47E19}"
EndProject
Project("{FAE04EC0-301F-11D3-BF4B-00C04F79EFBC}") = "Workflow.Sequential", "Workflow.Sequential\Workflow.Sequential.csproj", "{68C328FB-2F44-4558-9128-CDBEE7A1D944}"
EndProject
Project("{FAE04EC0-301F-11D3-BF4B-00C04F79EFBC}") = "Workflow.Concurrent", "Workflow.Concurrent\Workflow.Concurrent.csproj", "{42950E01-0DFC-4ABD-B460-02E300BEF1EF}"
EndProject
Project("{FAE04EC0-301F-11D3-BF4B-00C04F79EFBC}") = "Workflow.Handoff", "Workflow.Handoff\Workflow.Handoff.csproj", "{1CCE90B1-1E69-49E3-A21C-30B826A9831B}"
EndProject
Project("{FAE04EC0-301F-11D3-BF4B-00C04F79EFBC}") = "SettingsOnAiAgent", "SettingsOnAiAgent\SettingsOnAiAgent.csproj", "{8A235DD3-77DD-4B76-A260-6AEC8B42FA68}"
EndProject
Project("{FAE04EC0-301F-11D3-BF4B-00C04F79EFBC}") = "UsingRAGInAgentFramework", "UsingRAGInAgentFramework\UsingRAGInAgentFramework.csproj", "{DE9C5897-55A4-4C7E-AA8A-F4C05A28557A}"
EndProject
Project("{FAE04EC0-301F-11D3-BF4B-00C04F79EFBC}") = "AdvancedRAGTechniques", "AdvancedRAGTechniques\AdvancedRAGTechniques.csproj", "{FF99F253-C42A-4AE2-9E95-42511C3E62ED}"
EndProject
Project("{FAE04EC0-301F-11D3-BF4B-00C04F79EFBC}") = "WatchRawRequestAndResponse", "WatchRawRequestAndResponse\WatchRawRequestAndResponse.csproj", "{AF999885-15F3-4156-9A92-0203A300422E}"
EndProject
Project("{FAE04EC0-301F-11D3-BF4B-00C04F79EFBC}") = "ChatHistoryReducer", "ChatHistoryReducer\ChatHistoryReducer.csproj", "{71269BF7-05FF-4561-A802-F23D67CDD625}"
EndProject
Project("{2150E333-8FDC-42A3-9474-1A3956D46DE8}") = "Workflows", "Workflows", "{D202CCAD-226C-410C-9465-8B75970A0463}"
EndProject
Project("{2150E333-8FDC-42A3-9474-1A3956D46DE8}") = "Agentic Workflows", "Agentic Workflows", "{14A532C0-0084-43B5-B77D-FDA12B2A3118}"
EndProject
Project("{2150E333-8FDC-42A3-9474-1A3956D46DE8}") = "RAG", "RAG", "{EED84B4B-9FCE-4AFD-90D5-CEFE3263DE66}"
EndProject
Project("{2150E333-8FDC-42A3-9474-1A3956D46DE8}") = "Input (PDF & Image)", "Input (PDF & Image)", "{508B01ED-E484-4C4D-A346-A944EC7CBEF6}"
EndProject
Project("{2150E333-8FDC-42A3-9474-1A3956D46DE8}") = "Tool Calling & MCP", "Tool Calling & MCP", "{F530F044-9D5E-449B-A7FC-7D3AED1A5FB6}"
EndProject
Project("{2150E333-8FDC-42A3-9474-1A3956D46DE8}") = "ZeroToFirstAgent", "ZeroToFirstAgent", "{AFF434D2-3AA1-4113-A907-E5E786712A6C}"
EndProject
Project("{2150E333-8FDC-42A3-9474-1A3956D46DE8}") = "Thinking & Reasoning Settings", "Thinking & Reasoning Settings", "{8EEE3BC0-A5C6-4D71-AF9B-E220E8A4606A}"
EndProject
Project("{2150E333-8FDC-42A3-9474-1A3956D46DE8}") = "Conversations (AgentThread)", "Conversations (AgentThread)", "{E514D898-3499-487E-99DF-DF8CEEF9D11B}"
EndProject
Project("{2150E333-8FDC-42A3-9474-1A3956D46DE8}") = "Multi Agent Scenarios", "Multi Agent Scenarios", "{1D550D34-68D1-41FE-B210-FE1474F24D6F}"
EndProject
Project("{2150E333-8FDC-42A3-9474-1A3956D46DE8}") = "Other Topics", "Other Topics", "{F1D0D1C6-0E15-4300-A739-276FDE1BEB9F}"
EndProject
Project("{2150E333-8FDC-42A3-9474-1A3956D46DE8}") = "Structured Output", "Structured Output", "{0934BC83-1C12-4079-B086-EE7B4FFC8829}"
EndProject
Project("{2150E333-8FDC-42A3-9474-1A3956D46DE8}") = "Token Usage", "Token Usage", "{ECBB658A-2DDF-4114-BA01-A2320952EEC4}"
EndProject
Project("{2150E333-8FDC-42A3-9474-1A3956D46DE8}") = "Telemetry & Observability", "Telemetry & Observability", "{7EB9CA78-A91E-4C88-91EC-768AA7E7B940}"
EndProject
Project("{2150E333-8FDC-42A3-9474-1A3956D46DE8}") = "A2A (Agent2Agent)", "A2A (Agent2Agent)", "{7CA6D9D9-7511-417B-B6EB-61A265BD8DFC}"
EndProject
Project("{FAE04EC0-301F-11D3-BF4B-00C04F79EFBC}") = "Agent2Agent.Client", "Agent2Agent.Client\Agent2Agent.Client.csproj", "{D2F497BF-7B2C-4751-A7DC-88722E9DA519}"
EndProject
Project("{FAE04EC0-301F-11D3-BF4B-00C04F79EFBC}") = "Agent2Agent.Server", "Agent2Agent.Server\Agent2Agent.Server.csproj", "{65D5BDB1-5454-4240-BB52-DF65E626AB56}"
EndProject
Project("{2150E333-8FDC-42A3-9474-1A3956D46DE8}") = "AG-UI (Agent User Interaction)", "AG-UI (Agent User Interaction)", "{C3A9C5A0-5670-4E62-BDD1-FEB38A55557D}"
EndProject
Project("{2150E333-8FDC-42A3-9474-1A3956D46DE8}") = "Basic", "Basic", "{809912B5-D087-4115-A209-54F62940B348}"
EndProject
Project("{FAE04EC0-301F-11D3-BF4B-00C04F79EFBC}") = "AgentUserInteraction.Client", "AgentUserInteraction.Client\AgentUserInteraction.Client.csproj", "{61EC6180-AF4E-46D6-9B26-535B30D43560}"
EndProject
Project("{FAE04EC0-301F-11D3-BF4B-00C04F79EFBC}") = "AgentUserInteraction.Server", "AgentUserInteraction.Server\AgentUserInteraction.Server.csproj", "{247F65FF-7BCF-4A0E-92B2-D221E82496A2}"
EndProject
Project("{2150E333-8FDC-42A3-9474-1A3956D46DE8}") = "DevUI", "DevUI", "{7288823D-A37A-4764-BDD1-8F30BCAB5FC9}"
EndProject
Project("{FAE04EC0-301F-11D3-BF4B-00C04F79EFBC}") = "DevUI", "DevUI\DevUI.csproj", "{4164F3D5-E77B-45F4-B185-EA9CB2B3EE0F}"
EndProject
Project("{2150E333-8FDC-42A3-9474-1A3956D46DE8}") = "Advanced", "Advanced", "{23BB7330-5E27-42CE-8E1B-BFE12D96989A}"
EndProject
Project("{FAE04EC0-301F-11D3-BF4B-00C04F79EFBC}") = "AgentUserInteraction.Advanced.BlazorWasmClient", "AgentUserInteraction.Advanced.BlazorWasmClient\AgentUserInteraction.Advanced.BlazorWasmClient.csproj", "{9FC840C9-DB71-4C89-A593-ACC8370F4B1F}"
EndProject
Project("{FAE04EC0-301F-11D3-BF4B-00C04F79EFBC}") = "AgentUserInteraction.Advanced.Server", "AgentUserInteraction.Advanced.Server\AgentUserInteraction.Advanced.Server.csproj", "{020CC11E-E899-4F5F-95DA-CB003C4C4C50}"
EndProject
Project("{FAE04EC0-301F-11D3-BF4B-00C04F79EFBC}") = "AgentUserInteraction.Advanced.SharedModels", "AgentUserInteraction.Advanced.SharedModels\AgentUserInteraction.Advanced.SharedModels.csproj", "{D10B2A84-617E-43B2-9341-92C42D211B00}"
EndProject
Project("{FAE04EC0-301F-11D3-BF4B-00C04F79EFBC}") = "AppHost.AG-UI.Advanced", "AppHost.AG-UI.Advanced\AppHost.AG-UI.Advanced.csproj", "{509F215B-7880-46ED-B9DD-613D82BC3F85}"
EndProject
Project("{FAE04EC0-301F-11D3-BF4B-00C04F79EFBC}") = "UseToonToSaveTokens", "UseToonToSaveTokens\UseToonToSaveTokens.csproj", "{020CD964-A897-4042-96C5-349A7A5E199F}"
EndProject
Project("{2150E333-8FDC-42A3-9474-1A3956D46DE8}") = "DurableAgentFramework (Azure Functions)", "DurableAgentFramework (Azure Functions)", "{BDECDE7D-182D-45C4-B461-B4F3B43D6603}"
EndProject
Project("{FAE04EC0-301F-11D3-BF4B-00C04F79EFBC}") = "FunctionApp.HelloAI", "FunctionApp.HelloAI\FunctionApp.HelloAI.csproj", "{E491564B-3F5B-A333-8E28-BCE429CB706D}"
EndProject
Project("{2150E333-8FDC-42A3-9474-1A3956D46DE8}") = "Offline", "Offline", "{461CB89A-18AF-4EB5-92BC-C9AE6AB6228A}"
EndProject
Project("{FAE04EC0-301F-11D3-BF4B-00C04F79EFBC}") = "Onnx", "Onnx\Onnx.csproj", "{0C27D8AF-255C-4BFF-8C54-783B731BA220}"
EndProject
Project("{2150E333-8FDC-42A3-9474-1A3956D46DE8}") = "AIContextProvider", "AIContextProvider", "{E7CB622C-890D-4D4E-BFAE-3CF7BD0BA574}"
EndProject
Project("{FAE04EC0-301F-11D3-BF4B-00C04F79EFBC}") = "AIContextProvider.Memory", "AIContextProvider.Memory\AIContextProvider.Memory.csproj", "{B00C02E6-B769-41AB-8EB4-37FEC1156D8C}"
EndProject
Project("{2150E333-8FDC-42A3-9474-1A3956D46DE8}") = "Audio", "Audio", "{9B286149-CDE9-4A60-A56A-1D10ECB345D7}"
EndProject
Project("{FAE04EC0-301F-11D3-BF4B-00C04F79EFBC}") = "GenerateSpeech", "GenerateSpeech\GenerateSpeech.csproj", "{A9101DF5-9120-4676-A0C2-CE2B161EE375}"
EndProject
Project("{FAE04EC0-301F-11D3-BF4B-00C04F79EFBC}") = "ToolCalling.ServiceInjection", "ToolCalling.ServiceInjection\ToolCalling.ServiceInjection.csproj", "{9897F817-7A10-47F3-9F12-3D2E4B7CCD26}"
EndProject
Project("{FAE04EC0-301F-11D3-BF4B-00C04F79EFBC}") = "SpeechToText", "SpeechToText\SpeechToText.csproj", "{525C184D-971E-4F3A-B850-4ADC4839E24F}"
EndProject
Global
	GlobalSection(SolutionConfigurationPlatforms) = preSolution
		Debug|Any CPU = Debug|Any CPU
		Debug|x64 = Debug|x64
		Debug|x86 = Debug|x86
		Release|Any CPU = Release|Any CPU
		Release|x64 = Release|x64
		Release|x86 = Release|x86
	EndGlobalSection
	GlobalSection(ProjectConfigurationPlatforms) = postSolution
		{90E2FC57-9BCF-4026-8B11-35B9D1C1B958}.Debug|Any CPU.ActiveCfg = Debug|Any CPU
		{90E2FC57-9BCF-4026-8B11-35B9D1C1B958}.Debug|Any CPU.Build.0 = Debug|Any CPU
		{90E2FC57-9BCF-4026-8B11-35B9D1C1B958}.Debug|x64.ActiveCfg = Debug|Any CPU
		{90E2FC57-9BCF-4026-8B11-35B9D1C1B958}.Debug|x64.Build.0 = Debug|Any CPU
		{90E2FC57-9BCF-4026-8B11-35B9D1C1B958}.Debug|x86.ActiveCfg = Debug|Any CPU
		{90E2FC57-9BCF-4026-8B11-35B9D1C1B958}.Debug|x86.Build.0 = Debug|Any CPU
		{90E2FC57-9BCF-4026-8B11-35B9D1C1B958}.Release|Any CPU.ActiveCfg = Release|Any CPU
		{90E2FC57-9BCF-4026-8B11-35B9D1C1B958}.Release|Any CPU.Build.0 = Release|Any CPU
		{90E2FC57-9BCF-4026-8B11-35B9D1C1B958}.Release|x64.ActiveCfg = Release|Any CPU
		{90E2FC57-9BCF-4026-8B11-35B9D1C1B958}.Release|x64.Build.0 = Release|Any CPU
		{90E2FC57-9BCF-4026-8B11-35B9D1C1B958}.Release|x86.ActiveCfg = Release|Any CPU
		{90E2FC57-9BCF-4026-8B11-35B9D1C1B958}.Release|x86.Build.0 = Release|Any CPU
		{BBB9464B-CD86-44BF-B56B-D8F688DAAE37}.Debug|Any CPU.ActiveCfg = Debug|Any CPU
		{BBB9464B-CD86-44BF-B56B-D8F688DAAE37}.Debug|Any CPU.Build.0 = Debug|Any CPU
		{BBB9464B-CD86-44BF-B56B-D8F688DAAE37}.Debug|x64.ActiveCfg = Debug|Any CPU
		{BBB9464B-CD86-44BF-B56B-D8F688DAAE37}.Debug|x64.Build.0 = Debug|Any CPU
		{BBB9464B-CD86-44BF-B56B-D8F688DAAE37}.Debug|x86.ActiveCfg = Debug|Any CPU
		{BBB9464B-CD86-44BF-B56B-D8F688DAAE37}.Debug|x86.Build.0 = Debug|Any CPU
		{BBB9464B-CD86-44BF-B56B-D8F688DAAE37}.Release|Any CPU.ActiveCfg = Release|Any CPU
		{BBB9464B-CD86-44BF-B56B-D8F688DAAE37}.Release|Any CPU.Build.0 = Release|Any CPU
		{BBB9464B-CD86-44BF-B56B-D8F688DAAE37}.Release|x64.ActiveCfg = Release|Any CPU
		{BBB9464B-CD86-44BF-B56B-D8F688DAAE37}.Release|x64.Build.0 = Release|Any CPU
		{BBB9464B-CD86-44BF-B56B-D8F688DAAE37}.Release|x86.ActiveCfg = Release|Any CPU
		{BBB9464B-CD86-44BF-B56B-D8F688DAAE37}.Release|x86.Build.0 = Release|Any CPU
		{EB26CBC6-31C5-4388-A2FD-0F2F102AEC46}.Debug|Any CPU.ActiveCfg = Debug|Any CPU
		{EB26CBC6-31C5-4388-A2FD-0F2F102AEC46}.Debug|Any CPU.Build.0 = Debug|Any CPU
		{EB26CBC6-31C5-4388-A2FD-0F2F102AEC46}.Debug|x64.ActiveCfg = Debug|Any CPU
		{EB26CBC6-31C5-4388-A2FD-0F2F102AEC46}.Debug|x64.Build.0 = Debug|Any CPU
		{EB26CBC6-31C5-4388-A2FD-0F2F102AEC46}.Debug|x86.ActiveCfg = Debug|Any CPU
		{EB26CBC6-31C5-4388-A2FD-0F2F102AEC46}.Debug|x86.Build.0 = Debug|Any CPU
		{EB26CBC6-31C5-4388-A2FD-0F2F102AEC46}.Release|Any CPU.ActiveCfg = Release|Any CPU
		{EB26CBC6-31C5-4388-A2FD-0F2F102AEC46}.Release|Any CPU.Build.0 = Release|Any CPU
		{EB26CBC6-31C5-4388-A2FD-0F2F102AEC46}.Release|x64.ActiveCfg = Release|Any CPU
		{EB26CBC6-31C5-4388-A2FD-0F2F102AEC46}.Release|x64.Build.0 = Release|Any CPU
		{EB26CBC6-31C5-4388-A2FD-0F2F102AEC46}.Release|x86.ActiveCfg = Release|Any CPU
		{EB26CBC6-31C5-4388-A2FD-0F2F102AEC46}.Release|x86.Build.0 = Release|Any CPU
		{46E876E0-39D5-47E5-8A2B-FCDB158D799D}.Debug|Any CPU.ActiveCfg = Debug|Any CPU
		{46E876E0-39D5-47E5-8A2B-FCDB158D799D}.Debug|Any CPU.Build.0 = Debug|Any CPU
		{46E876E0-39D5-47E5-8A2B-FCDB158D799D}.Debug|x64.ActiveCfg = Debug|Any CPU
		{46E876E0-39D5-47E5-8A2B-FCDB158D799D}.Debug|x64.Build.0 = Debug|Any CPU
		{46E876E0-39D5-47E5-8A2B-FCDB158D799D}.Debug|x86.ActiveCfg = Debug|Any CPU
		{46E876E0-39D5-47E5-8A2B-FCDB158D799D}.Debug|x86.Build.0 = Debug|Any CPU
		{46E876E0-39D5-47E5-8A2B-FCDB158D799D}.Release|Any CPU.ActiveCfg = Release|Any CPU
		{46E876E0-39D5-47E5-8A2B-FCDB158D799D}.Release|Any CPU.Build.0 = Release|Any CPU
		{46E876E0-39D5-47E5-8A2B-FCDB158D799D}.Release|x64.ActiveCfg = Release|Any CPU
		{46E876E0-39D5-47E5-8A2B-FCDB158D799D}.Release|x64.Build.0 = Release|Any CPU
		{46E876E0-39D5-47E5-8A2B-FCDB158D799D}.Release|x86.ActiveCfg = Release|Any CPU
		{46E876E0-39D5-47E5-8A2B-FCDB158D799D}.Release|x86.Build.0 = Release|Any CPU
		{43B8235C-2A1E-417A-89D4-944F54482947}.Debug|Any CPU.ActiveCfg = Debug|Any CPU
		{43B8235C-2A1E-417A-89D4-944F54482947}.Debug|Any CPU.Build.0 = Debug|Any CPU
		{43B8235C-2A1E-417A-89D4-944F54482947}.Debug|x64.ActiveCfg = Debug|Any CPU
		{43B8235C-2A1E-417A-89D4-944F54482947}.Debug|x64.Build.0 = Debug|Any CPU
		{43B8235C-2A1E-417A-89D4-944F54482947}.Debug|x86.ActiveCfg = Debug|Any CPU
		{43B8235C-2A1E-417A-89D4-944F54482947}.Debug|x86.Build.0 = Debug|Any CPU
		{43B8235C-2A1E-417A-89D4-944F54482947}.Release|Any CPU.ActiveCfg = Release|Any CPU
		{43B8235C-2A1E-417A-89D4-944F54482947}.Release|Any CPU.Build.0 = Release|Any CPU
		{43B8235C-2A1E-417A-89D4-944F54482947}.Release|x64.ActiveCfg = Release|Any CPU
		{43B8235C-2A1E-417A-89D4-944F54482947}.Release|x64.Build.0 = Release|Any CPU
		{43B8235C-2A1E-417A-89D4-944F54482947}.Release|x86.ActiveCfg = Release|Any CPU
		{43B8235C-2A1E-417A-89D4-944F54482947}.Release|x86.Build.0 = Release|Any CPU
		{AB3041EE-B1F8-4D06-9515-3D6F1A0E5EB4}.Debug|Any CPU.ActiveCfg = Debug|Any CPU
		{AB3041EE-B1F8-4D06-9515-3D6F1A0E5EB4}.Debug|Any CPU.Build.0 = Debug|Any CPU
		{AB3041EE-B1F8-4D06-9515-3D6F1A0E5EB4}.Debug|x64.ActiveCfg = Debug|Any CPU
		{AB3041EE-B1F8-4D06-9515-3D6F1A0E5EB4}.Debug|x64.Build.0 = Debug|Any CPU
		{AB3041EE-B1F8-4D06-9515-3D6F1A0E5EB4}.Debug|x86.ActiveCfg = Debug|Any CPU
		{AB3041EE-B1F8-4D06-9515-3D6F1A0E5EB4}.Debug|x86.Build.0 = Debug|Any CPU
		{AB3041EE-B1F8-4D06-9515-3D6F1A0E5EB4}.Release|Any CPU.ActiveCfg = Release|Any CPU
		{AB3041EE-B1F8-4D06-9515-3D6F1A0E5EB4}.Release|Any CPU.Build.0 = Release|Any CPU
		{AB3041EE-B1F8-4D06-9515-3D6F1A0E5EB4}.Release|x64.ActiveCfg = Release|Any CPU
		{AB3041EE-B1F8-4D06-9515-3D6F1A0E5EB4}.Release|x64.Build.0 = Release|Any CPU
		{AB3041EE-B1F8-4D06-9515-3D6F1A0E5EB4}.Release|x86.ActiveCfg = Release|Any CPU
		{AB3041EE-B1F8-4D06-9515-3D6F1A0E5EB4}.Release|x86.Build.0 = Release|Any CPU
		{0EC53728-9F1A-467D-89D9-CD79DBF89240}.Debug|Any CPU.ActiveCfg = Debug|Any CPU
		{0EC53728-9F1A-467D-89D9-CD79DBF89240}.Debug|Any CPU.Build.0 = Debug|Any CPU
		{0EC53728-9F1A-467D-89D9-CD79DBF89240}.Debug|x64.ActiveCfg = Debug|Any CPU
		{0EC53728-9F1A-467D-89D9-CD79DBF89240}.Debug|x64.Build.0 = Debug|Any CPU
		{0EC53728-9F1A-467D-89D9-CD79DBF89240}.Debug|x86.ActiveCfg = Debug|Any CPU
		{0EC53728-9F1A-467D-89D9-CD79DBF89240}.Debug|x86.Build.0 = Debug|Any CPU
		{0EC53728-9F1A-467D-89D9-CD79DBF89240}.Release|Any CPU.ActiveCfg = Release|Any CPU
		{0EC53728-9F1A-467D-89D9-CD79DBF89240}.Release|Any CPU.Build.0 = Release|Any CPU
		{0EC53728-9F1A-467D-89D9-CD79DBF89240}.Release|x64.ActiveCfg = Release|Any CPU
		{0EC53728-9F1A-467D-89D9-CD79DBF89240}.Release|x64.Build.0 = Release|Any CPU
		{0EC53728-9F1A-467D-89D9-CD79DBF89240}.Release|x86.ActiveCfg = Release|Any CPU
		{0EC53728-9F1A-467D-89D9-CD79DBF89240}.Release|x86.Build.0 = Release|Any CPU
		{F6D22883-7A48-4BA4-8C6E-8080BE0FF2A2}.Debug|Any CPU.ActiveCfg = Debug|Any CPU
		{F6D22883-7A48-4BA4-8C6E-8080BE0FF2A2}.Debug|Any CPU.Build.0 = Debug|Any CPU
		{F6D22883-7A48-4BA4-8C6E-8080BE0FF2A2}.Debug|x64.ActiveCfg = Debug|Any CPU
		{F6D22883-7A48-4BA4-8C6E-8080BE0FF2A2}.Debug|x64.Build.0 = Debug|Any CPU
		{F6D22883-7A48-4BA4-8C6E-8080BE0FF2A2}.Debug|x86.ActiveCfg = Debug|Any CPU
		{F6D22883-7A48-4BA4-8C6E-8080BE0FF2A2}.Debug|x86.Build.0 = Debug|Any CPU
		{F6D22883-7A48-4BA4-8C6E-8080BE0FF2A2}.Release|Any CPU.ActiveCfg = Release|Any CPU
		{F6D22883-7A48-4BA4-8C6E-8080BE0FF2A2}.Release|Any CPU.Build.0 = Release|Any CPU
		{F6D22883-7A48-4BA4-8C6E-8080BE0FF2A2}.Release|x64.ActiveCfg = Release|Any CPU
		{F6D22883-7A48-4BA4-8C6E-8080BE0FF2A2}.Release|x64.Build.0 = Release|Any CPU
		{F6D22883-7A48-4BA4-8C6E-8080BE0FF2A2}.Release|x86.ActiveCfg = Release|Any CPU
		{F6D22883-7A48-4BA4-8C6E-8080BE0FF2A2}.Release|x86.Build.0 = Release|Any CPU
		{B191B93F-F1EE-4B23-87D5-5AEBDAA85870}.Debug|Any CPU.ActiveCfg = Debug|Any CPU
		{B191B93F-F1EE-4B23-87D5-5AEBDAA85870}.Debug|Any CPU.Build.0 = Debug|Any CPU
		{B191B93F-F1EE-4B23-87D5-5AEBDAA85870}.Debug|x64.ActiveCfg = Debug|Any CPU
		{B191B93F-F1EE-4B23-87D5-5AEBDAA85870}.Debug|x64.Build.0 = Debug|Any CPU
		{B191B93F-F1EE-4B23-87D5-5AEBDAA85870}.Debug|x86.ActiveCfg = Debug|Any CPU
		{B191B93F-F1EE-4B23-87D5-5AEBDAA85870}.Debug|x86.Build.0 = Debug|Any CPU
		{B191B93F-F1EE-4B23-87D5-5AEBDAA85870}.Release|Any CPU.ActiveCfg = Release|Any CPU
		{B191B93F-F1EE-4B23-87D5-5AEBDAA85870}.Release|Any CPU.Build.0 = Release|Any CPU
		{B191B93F-F1EE-4B23-87D5-5AEBDAA85870}.Release|x64.ActiveCfg = Release|Any CPU
		{B191B93F-F1EE-4B23-87D5-5AEBDAA85870}.Release|x64.Build.0 = Release|Any CPU
		{B191B93F-F1EE-4B23-87D5-5AEBDAA85870}.Release|x86.ActiveCfg = Release|Any CPU
		{B191B93F-F1EE-4B23-87D5-5AEBDAA85870}.Release|x86.Build.0 = Release|Any CPU
		{653F8763-9AE6-4C61-B3DD-399E00AF560A}.Debug|Any CPU.ActiveCfg = Debug|Any CPU
		{653F8763-9AE6-4C61-B3DD-399E00AF560A}.Debug|Any CPU.Build.0 = Debug|Any CPU
		{653F8763-9AE6-4C61-B3DD-399E00AF560A}.Debug|x64.ActiveCfg = Debug|Any CPU
		{653F8763-9AE6-4C61-B3DD-399E00AF560A}.Debug|x64.Build.0 = Debug|Any CPU
		{653F8763-9AE6-4C61-B3DD-399E00AF560A}.Debug|x86.ActiveCfg = Debug|Any CPU
		{653F8763-9AE6-4C61-B3DD-399E00AF560A}.Debug|x86.Build.0 = Debug|Any CPU
		{653F8763-9AE6-4C61-B3DD-399E00AF560A}.Release|Any CPU.ActiveCfg = Release|Any CPU
		{653F8763-9AE6-4C61-B3DD-399E00AF560A}.Release|Any CPU.Build.0 = Release|Any CPU
		{653F8763-9AE6-4C61-B3DD-399E00AF560A}.Release|x64.ActiveCfg = Release|Any CPU
		{653F8763-9AE6-4C61-B3DD-399E00AF560A}.Release|x64.Build.0 = Release|Any CPU
		{653F8763-9AE6-4C61-B3DD-399E00AF560A}.Release|x86.ActiveCfg = Release|Any CPU
		{653F8763-9AE6-4C61-B3DD-399E00AF560A}.Release|x86.Build.0 = Release|Any CPU
		{CCE87DD3-B3E3-4644-AFD7-90BA02085C0D}.Debug|Any CPU.ActiveCfg = Debug|Any CPU
		{CCE87DD3-B3E3-4644-AFD7-90BA02085C0D}.Debug|Any CPU.Build.0 = Debug|Any CPU
		{CCE87DD3-B3E3-4644-AFD7-90BA02085C0D}.Debug|x64.ActiveCfg = Debug|Any CPU
		{CCE87DD3-B3E3-4644-AFD7-90BA02085C0D}.Debug|x64.Build.0 = Debug|Any CPU
		{CCE87DD3-B3E3-4644-AFD7-90BA02085C0D}.Debug|x86.ActiveCfg = Debug|Any CPU
		{CCE87DD3-B3E3-4644-AFD7-90BA02085C0D}.Debug|x86.Build.0 = Debug|Any CPU
		{CCE87DD3-B3E3-4644-AFD7-90BA02085C0D}.Release|Any CPU.ActiveCfg = Release|Any CPU
		{CCE87DD3-B3E3-4644-AFD7-90BA02085C0D}.Release|Any CPU.Build.0 = Release|Any CPU
		{CCE87DD3-B3E3-4644-AFD7-90BA02085C0D}.Release|x64.ActiveCfg = Release|Any CPU
		{CCE87DD3-B3E3-4644-AFD7-90BA02085C0D}.Release|x64.Build.0 = Release|Any CPU
		{CCE87DD3-B3E3-4644-AFD7-90BA02085C0D}.Release|x86.ActiveCfg = Release|Any CPU
		{CCE87DD3-B3E3-4644-AFD7-90BA02085C0D}.Release|x86.Build.0 = Release|Any CPU
		{F10D4B1C-E17E-4CDA-B6AA-5F22E94969A0}.Debug|Any CPU.ActiveCfg = Debug|Any CPU
		{F10D4B1C-E17E-4CDA-B6AA-5F22E94969A0}.Debug|Any CPU.Build.0 = Debug|Any CPU
		{F10D4B1C-E17E-4CDA-B6AA-5F22E94969A0}.Debug|x64.ActiveCfg = Debug|Any CPU
		{F10D4B1C-E17E-4CDA-B6AA-5F22E94969A0}.Debug|x64.Build.0 = Debug|Any CPU
		{F10D4B1C-E17E-4CDA-B6AA-5F22E94969A0}.Debug|x86.ActiveCfg = Debug|Any CPU
		{F10D4B1C-E17E-4CDA-B6AA-5F22E94969A0}.Debug|x86.Build.0 = Debug|Any CPU
		{F10D4B1C-E17E-4CDA-B6AA-5F22E94969A0}.Release|Any CPU.ActiveCfg = Release|Any CPU
		{F10D4B1C-E17E-4CDA-B6AA-5F22E94969A0}.Release|Any CPU.Build.0 = Release|Any CPU
		{F10D4B1C-E17E-4CDA-B6AA-5F22E94969A0}.Release|x64.ActiveCfg = Release|Any CPU
		{F10D4B1C-E17E-4CDA-B6AA-5F22E94969A0}.Release|x64.Build.0 = Release|Any CPU
		{F10D4B1C-E17E-4CDA-B6AA-5F22E94969A0}.Release|x86.ActiveCfg = Release|Any CPU
		{F10D4B1C-E17E-4CDA-B6AA-5F22E94969A0}.Release|x86.Build.0 = Release|Any CPU
		{96BFFDB0-0508-4F0D-80F9-A1B9AFA47E19}.Debug|Any CPU.ActiveCfg = Debug|Any CPU
		{96BFFDB0-0508-4F0D-80F9-A1B9AFA47E19}.Debug|Any CPU.Build.0 = Debug|Any CPU
		{96BFFDB0-0508-4F0D-80F9-A1B9AFA47E19}.Debug|x64.ActiveCfg = Debug|Any CPU
		{96BFFDB0-0508-4F0D-80F9-A1B9AFA47E19}.Debug|x64.Build.0 = Debug|Any CPU
		{96BFFDB0-0508-4F0D-80F9-A1B9AFA47E19}.Debug|x86.ActiveCfg = Debug|Any CPU
		{96BFFDB0-0508-4F0D-80F9-A1B9AFA47E19}.Debug|x86.Build.0 = Debug|Any CPU
		{96BFFDB0-0508-4F0D-80F9-A1B9AFA47E19}.Release|Any CPU.ActiveCfg = Release|Any CPU
		{96BFFDB0-0508-4F0D-80F9-A1B9AFA47E19}.Release|Any CPU.Build.0 = Release|Any CPU
		{96BFFDB0-0508-4F0D-80F9-A1B9AFA47E19}.Release|x64.ActiveCfg = Release|Any CPU
		{96BFFDB0-0508-4F0D-80F9-A1B9AFA47E19}.Release|x64.Build.0 = Release|Any CPU
		{96BFFDB0-0508-4F0D-80F9-A1B9AFA47E19}.Release|x86.ActiveCfg = Release|Any CPU
		{96BFFDB0-0508-4F0D-80F9-A1B9AFA47E19}.Release|x86.Build.0 = Release|Any CPU
		{68C328FB-2F44-4558-9128-CDBEE7A1D944}.Debug|Any CPU.ActiveCfg = Debug|Any CPU
		{68C328FB-2F44-4558-9128-CDBEE7A1D944}.Debug|Any CPU.Build.0 = Debug|Any CPU
		{68C328FB-2F44-4558-9128-CDBEE7A1D944}.Debug|x64.ActiveCfg = Debug|Any CPU
		{68C328FB-2F44-4558-9128-CDBEE7A1D944}.Debug|x64.Build.0 = Debug|Any CPU
		{68C328FB-2F44-4558-9128-CDBEE7A1D944}.Debug|x86.ActiveCfg = Debug|Any CPU
		{68C328FB-2F44-4558-9128-CDBEE7A1D944}.Debug|x86.Build.0 = Debug|Any CPU
		{68C328FB-2F44-4558-9128-CDBEE7A1D944}.Release|Any CPU.ActiveCfg = Release|Any CPU
		{68C328FB-2F44-4558-9128-CDBEE7A1D944}.Release|Any CPU.Build.0 = Release|Any CPU
		{68C328FB-2F44-4558-9128-CDBEE7A1D944}.Release|x64.ActiveCfg = Release|Any CPU
		{68C328FB-2F44-4558-9128-CDBEE7A1D944}.Release|x64.Build.0 = Release|Any CPU
		{68C328FB-2F44-4558-9128-CDBEE7A1D944}.Release|x86.ActiveCfg = Release|Any CPU
		{68C328FB-2F44-4558-9128-CDBEE7A1D944}.Release|x86.Build.0 = Release|Any CPU
		{42950E01-0DFC-4ABD-B460-02E300BEF1EF}.Debug|Any CPU.ActiveCfg = Debug|Any CPU
		{42950E01-0DFC-4ABD-B460-02E300BEF1EF}.Debug|Any CPU.Build.0 = Debug|Any CPU
		{42950E01-0DFC-4ABD-B460-02E300BEF1EF}.Debug|x64.ActiveCfg = Debug|Any CPU
		{42950E01-0DFC-4ABD-B460-02E300BEF1EF}.Debug|x64.Build.0 = Debug|Any CPU
		{42950E01-0DFC-4ABD-B460-02E300BEF1EF}.Debug|x86.ActiveCfg = Debug|Any CPU
		{42950E01-0DFC-4ABD-B460-02E300BEF1EF}.Debug|x86.Build.0 = Debug|Any CPU
		{42950E01-0DFC-4ABD-B460-02E300BEF1EF}.Release|Any CPU.ActiveCfg = Release|Any CPU
		{42950E01-0DFC-4ABD-B460-02E300BEF1EF}.Release|Any CPU.Build.0 = Release|Any CPU
		{42950E01-0DFC-4ABD-B460-02E300BEF1EF}.Release|x64.ActiveCfg = Release|Any CPU
		{42950E01-0DFC-4ABD-B460-02E300BEF1EF}.Release|x64.Build.0 = Release|Any CPU
		{42950E01-0DFC-4ABD-B460-02E300BEF1EF}.Release|x86.ActiveCfg = Release|Any CPU
		{42950E01-0DFC-4ABD-B460-02E300BEF1EF}.Release|x86.Build.0 = Release|Any CPU
		{1CCE90B1-1E69-49E3-A21C-30B826A9831B}.Debug|Any CPU.ActiveCfg = Debug|Any CPU
		{1CCE90B1-1E69-49E3-A21C-30B826A9831B}.Debug|Any CPU.Build.0 = Debug|Any CPU
		{1CCE90B1-1E69-49E3-A21C-30B826A9831B}.Debug|x64.ActiveCfg = Debug|Any CPU
		{1CCE90B1-1E69-49E3-A21C-30B826A9831B}.Debug|x64.Build.0 = Debug|Any CPU
		{1CCE90B1-1E69-49E3-A21C-30B826A9831B}.Debug|x86.ActiveCfg = Debug|Any CPU
		{1CCE90B1-1E69-49E3-A21C-30B826A9831B}.Debug|x86.Build.0 = Debug|Any CPU
		{1CCE90B1-1E69-49E3-A21C-30B826A9831B}.Release|Any CPU.ActiveCfg = Release|Any CPU
		{1CCE90B1-1E69-49E3-A21C-30B826A9831B}.Release|Any CPU.Build.0 = Release|Any CPU
		{1CCE90B1-1E69-49E3-A21C-30B826A9831B}.Release|x64.ActiveCfg = Release|Any CPU
		{1CCE90B1-1E69-49E3-A21C-30B826A9831B}.Release|x64.Build.0 = Release|Any CPU
		{1CCE90B1-1E69-49E3-A21C-30B826A9831B}.Release|x86.ActiveCfg = Release|Any CPU
		{1CCE90B1-1E69-49E3-A21C-30B826A9831B}.Release|x86.Build.0 = Release|Any CPU
		{8A235DD3-77DD-4B76-A260-6AEC8B42FA68}.Debug|Any CPU.ActiveCfg = Debug|Any CPU
		{8A235DD3-77DD-4B76-A260-6AEC8B42FA68}.Debug|Any CPU.Build.0 = Debug|Any CPU
		{8A235DD3-77DD-4B76-A260-6AEC8B42FA68}.Debug|x64.ActiveCfg = Debug|Any CPU
		{8A235DD3-77DD-4B76-A260-6AEC8B42FA68}.Debug|x64.Build.0 = Debug|Any CPU
		{8A235DD3-77DD-4B76-A260-6AEC8B42FA68}.Debug|x86.ActiveCfg = Debug|Any CPU
		{8A235DD3-77DD-4B76-A260-6AEC8B42FA68}.Debug|x86.Build.0 = Debug|Any CPU
		{8A235DD3-77DD-4B76-A260-6AEC8B42FA68}.Release|Any CPU.ActiveCfg = Release|Any CPU
		{8A235DD3-77DD-4B76-A260-6AEC8B42FA68}.Release|Any CPU.Build.0 = Release|Any CPU
		{8A235DD3-77DD-4B76-A260-6AEC8B42FA68}.Release|x64.ActiveCfg = Release|Any CPU
		{8A235DD3-77DD-4B76-A260-6AEC8B42FA68}.Release|x64.Build.0 = Release|Any CPU
		{8A235DD3-77DD-4B76-A260-6AEC8B42FA68}.Release|x86.ActiveCfg = Release|Any CPU
		{8A235DD3-77DD-4B76-A260-6AEC8B42FA68}.Release|x86.Build.0 = Release|Any CPU
		{DE9C5897-55A4-4C7E-AA8A-F4C05A28557A}.Debug|Any CPU.ActiveCfg = Debug|Any CPU
		{DE9C5897-55A4-4C7E-AA8A-F4C05A28557A}.Debug|Any CPU.Build.0 = Debug|Any CPU
		{DE9C5897-55A4-4C7E-AA8A-F4C05A28557A}.Debug|x64.ActiveCfg = Debug|Any CPU
		{DE9C5897-55A4-4C7E-AA8A-F4C05A28557A}.Debug|x64.Build.0 = Debug|Any CPU
		{DE9C5897-55A4-4C7E-AA8A-F4C05A28557A}.Debug|x86.ActiveCfg = Debug|Any CPU
		{DE9C5897-55A4-4C7E-AA8A-F4C05A28557A}.Debug|x86.Build.0 = Debug|Any CPU
		{DE9C5897-55A4-4C7E-AA8A-F4C05A28557A}.Release|Any CPU.ActiveCfg = Release|Any CPU
		{DE9C5897-55A4-4C7E-AA8A-F4C05A28557A}.Release|Any CPU.Build.0 = Release|Any CPU
		{DE9C5897-55A4-4C7E-AA8A-F4C05A28557A}.Release|x64.ActiveCfg = Release|Any CPU
		{DE9C5897-55A4-4C7E-AA8A-F4C05A28557A}.Release|x64.Build.0 = Release|Any CPU
		{DE9C5897-55A4-4C7E-AA8A-F4C05A28557A}.Release|x86.ActiveCfg = Release|Any CPU
		{DE9C5897-55A4-4C7E-AA8A-F4C05A28557A}.Release|x86.Build.0 = Release|Any CPU
		{FF99F253-C42A-4AE2-9E95-42511C3E62ED}.Debug|Any CPU.ActiveCfg = Debug|Any CPU
		{FF99F253-C42A-4AE2-9E95-42511C3E62ED}.Debug|Any CPU.Build.0 = Debug|Any CPU
		{FF99F253-C42A-4AE2-9E95-42511C3E62ED}.Debug|x64.ActiveCfg = Debug|Any CPU
		{FF99F253-C42A-4AE2-9E95-42511C3E62ED}.Debug|x64.Build.0 = Debug|Any CPU
		{FF99F253-C42A-4AE2-9E95-42511C3E62ED}.Debug|x86.ActiveCfg = Debug|Any CPU
		{FF99F253-C42A-4AE2-9E95-42511C3E62ED}.Debug|x86.Build.0 = Debug|Any CPU
		{FF99F253-C42A-4AE2-9E95-42511C3E62ED}.Release|Any CPU.ActiveCfg = Release|Any CPU
		{FF99F253-C42A-4AE2-9E95-42511C3E62ED}.Release|Any CPU.Build.0 = Release|Any CPU
		{FF99F253-C42A-4AE2-9E95-42511C3E62ED}.Release|x64.ActiveCfg = Release|Any CPU
		{FF99F253-C42A-4AE2-9E95-42511C3E62ED}.Release|x64.Build.0 = Release|Any CPU
		{FF99F253-C42A-4AE2-9E95-42511C3E62ED}.Release|x86.ActiveCfg = Release|Any CPU
		{FF99F253-C42A-4AE2-9E95-42511C3E62ED}.Release|x86.Build.0 = Release|Any CPU
		{AF999885-15F3-4156-9A92-0203A300422E}.Debug|Any CPU.ActiveCfg = Debug|Any CPU
		{AF999885-15F3-4156-9A92-0203A300422E}.Debug|Any CPU.Build.0 = Debug|Any CPU
		{AF999885-15F3-4156-9A92-0203A300422E}.Debug|x64.ActiveCfg = Debug|Any CPU
		{AF999885-15F3-4156-9A92-0203A300422E}.Debug|x64.Build.0 = Debug|Any CPU
		{AF999885-15F3-4156-9A92-0203A300422E}.Debug|x86.ActiveCfg = Debug|Any CPU
		{AF999885-15F3-4156-9A92-0203A300422E}.Debug|x86.Build.0 = Debug|Any CPU
		{AF999885-15F3-4156-9A92-0203A300422E}.Release|Any CPU.ActiveCfg = Release|Any CPU
		{AF999885-15F3-4156-9A92-0203A300422E}.Release|Any CPU.Build.0 = Release|Any CPU
		{AF999885-15F3-4156-9A92-0203A300422E}.Release|x64.ActiveCfg = Release|Any CPU
		{AF999885-15F3-4156-9A92-0203A300422E}.Release|x64.Build.0 = Release|Any CPU
		{AF999885-15F3-4156-9A92-0203A300422E}.Release|x86.ActiveCfg = Release|Any CPU
		{AF999885-15F3-4156-9A92-0203A300422E}.Release|x86.Build.0 = Release|Any CPU
		{71269BF7-05FF-4561-A802-F23D67CDD625}.Debug|Any CPU.ActiveCfg = Debug|Any CPU
		{71269BF7-05FF-4561-A802-F23D67CDD625}.Debug|Any CPU.Build.0 = Debug|Any CPU
		{71269BF7-05FF-4561-A802-F23D67CDD625}.Debug|x64.ActiveCfg = Debug|Any CPU
		{71269BF7-05FF-4561-A802-F23D67CDD625}.Debug|x64.Build.0 = Debug|Any CPU
		{71269BF7-05FF-4561-A802-F23D67CDD625}.Debug|x86.ActiveCfg = Debug|Any CPU
		{71269BF7-05FF-4561-A802-F23D67CDD625}.Debug|x86.Build.0 = Debug|Any CPU
		{71269BF7-05FF-4561-A802-F23D67CDD625}.Release|Any CPU.ActiveCfg = Release|Any CPU
		{71269BF7-05FF-4561-A802-F23D67CDD625}.Release|Any CPU.Build.0 = Release|Any CPU
		{71269BF7-05FF-4561-A802-F23D67CDD625}.Release|x64.ActiveCfg = Release|Any CPU
		{71269BF7-05FF-4561-A802-F23D67CDD625}.Release|x64.Build.0 = Release|Any CPU
		{71269BF7-05FF-4561-A802-F23D67CDD625}.Release|x86.ActiveCfg = Release|Any CPU
		{71269BF7-05FF-4561-A802-F23D67CDD625}.Release|x86.Build.0 = Release|Any CPU
		{D2F497BF-7B2C-4751-A7DC-88722E9DA519}.Debug|Any CPU.ActiveCfg = Debug|Any CPU
		{D2F497BF-7B2C-4751-A7DC-88722E9DA519}.Debug|Any CPU.Build.0 = Debug|Any CPU
		{D2F497BF-7B2C-4751-A7DC-88722E9DA519}.Debug|x64.ActiveCfg = Debug|Any CPU
		{D2F497BF-7B2C-4751-A7DC-88722E9DA519}.Debug|x64.Build.0 = Debug|Any CPU
		{D2F497BF-7B2C-4751-A7DC-88722E9DA519}.Debug|x86.ActiveCfg = Debug|Any CPU
		{D2F497BF-7B2C-4751-A7DC-88722E9DA519}.Debug|x86.Build.0 = Debug|Any CPU
		{D2F497BF-7B2C-4751-A7DC-88722E9DA519}.Release|Any CPU.ActiveCfg = Release|Any CPU
		{D2F497BF-7B2C-4751-A7DC-88722E9DA519}.Release|Any CPU.Build.0 = Release|Any CPU
		{D2F497BF-7B2C-4751-A7DC-88722E9DA519}.Release|x64.ActiveCfg = Release|Any CPU
		{D2F497BF-7B2C-4751-A7DC-88722E9DA519}.Release|x64.Build.0 = Release|Any CPU
		{D2F497BF-7B2C-4751-A7DC-88722E9DA519}.Release|x86.ActiveCfg = Release|Any CPU
		{D2F497BF-7B2C-4751-A7DC-88722E9DA519}.Release|x86.Build.0 = Release|Any CPU
		{65D5BDB1-5454-4240-BB52-DF65E626AB56}.Debug|Any CPU.ActiveCfg = Debug|Any CPU
		{65D5BDB1-5454-4240-BB52-DF65E626AB56}.Debug|Any CPU.Build.0 = Debug|Any CPU
		{65D5BDB1-5454-4240-BB52-DF65E626AB56}.Debug|x64.ActiveCfg = Debug|Any CPU
		{65D5BDB1-5454-4240-BB52-DF65E626AB56}.Debug|x64.Build.0 = Debug|Any CPU
		{65D5BDB1-5454-4240-BB52-DF65E626AB56}.Debug|x86.ActiveCfg = Debug|Any CPU
		{65D5BDB1-5454-4240-BB52-DF65E626AB56}.Debug|x86.Build.0 = Debug|Any CPU
		{65D5BDB1-5454-4240-BB52-DF65E626AB56}.Release|Any CPU.ActiveCfg = Release|Any CPU
		{65D5BDB1-5454-4240-BB52-DF65E626AB56}.Release|Any CPU.Build.0 = Release|Any CPU
		{65D5BDB1-5454-4240-BB52-DF65E626AB56}.Release|x64.ActiveCfg = Release|Any CPU
		{65D5BDB1-5454-4240-BB52-DF65E626AB56}.Release|x64.Build.0 = Release|Any CPU
		{65D5BDB1-5454-4240-BB52-DF65E626AB56}.Release|x86.ActiveCfg = Release|Any CPU
		{65D5BDB1-5454-4240-BB52-DF65E626AB56}.Release|x86.Build.0 = Release|Any CPU
		{61EC6180-AF4E-46D6-9B26-535B30D43560}.Debug|Any CPU.ActiveCfg = Debug|Any CPU
		{61EC6180-AF4E-46D6-9B26-535B30D43560}.Debug|Any CPU.Build.0 = Debug|Any CPU
		{61EC6180-AF4E-46D6-9B26-535B30D43560}.Debug|x64.ActiveCfg = Debug|Any CPU
		{61EC6180-AF4E-46D6-9B26-535B30D43560}.Debug|x64.Build.0 = Debug|Any CPU
		{61EC6180-AF4E-46D6-9B26-535B30D43560}.Debug|x86.ActiveCfg = Debug|Any CPU
		{61EC6180-AF4E-46D6-9B26-535B30D43560}.Debug|x86.Build.0 = Debug|Any CPU
		{61EC6180-AF4E-46D6-9B26-535B30D43560}.Release|Any CPU.ActiveCfg = Release|Any CPU
		{61EC6180-AF4E-46D6-9B26-535B30D43560}.Release|Any CPU.Build.0 = Release|Any CPU
		{61EC6180-AF4E-46D6-9B26-535B30D43560}.Release|x64.ActiveCfg = Release|Any CPU
		{61EC6180-AF4E-46D6-9B26-535B30D43560}.Release|x64.Build.0 = Release|Any CPU
		{61EC6180-AF4E-46D6-9B26-535B30D43560}.Release|x86.ActiveCfg = Release|Any CPU
		{61EC6180-AF4E-46D6-9B26-535B30D43560}.Release|x86.Build.0 = Release|Any CPU
		{247F65FF-7BCF-4A0E-92B2-D221E82496A2}.Debug|Any CPU.ActiveCfg = Debug|Any CPU
		{247F65FF-7BCF-4A0E-92B2-D221E82496A2}.Debug|Any CPU.Build.0 = Debug|Any CPU
		{247F65FF-7BCF-4A0E-92B2-D221E82496A2}.Debug|x64.ActiveCfg = Debug|Any CPU
		{247F65FF-7BCF-4A0E-92B2-D221E82496A2}.Debug|x64.Build.0 = Debug|Any CPU
		{247F65FF-7BCF-4A0E-92B2-D221E82496A2}.Debug|x86.ActiveCfg = Debug|Any CPU
		{247F65FF-7BCF-4A0E-92B2-D221E82496A2}.Debug|x86.Build.0 = Debug|Any CPU
		{247F65FF-7BCF-4A0E-92B2-D221E82496A2}.Release|Any CPU.ActiveCfg = Release|Any CPU
		{247F65FF-7BCF-4A0E-92B2-D221E82496A2}.Release|Any CPU.Build.0 = Release|Any CPU
		{247F65FF-7BCF-4A0E-92B2-D221E82496A2}.Release|x64.ActiveCfg = Release|Any CPU
		{247F65FF-7BCF-4A0E-92B2-D221E82496A2}.Release|x64.Build.0 = Release|Any CPU
		{247F65FF-7BCF-4A0E-92B2-D221E82496A2}.Release|x86.ActiveCfg = Release|Any CPU
		{247F65FF-7BCF-4A0E-92B2-D221E82496A2}.Release|x86.Build.0 = Release|Any CPU
		{4164F3D5-E77B-45F4-B185-EA9CB2B3EE0F}.Debug|Any CPU.ActiveCfg = Debug|Any CPU
		{4164F3D5-E77B-45F4-B185-EA9CB2B3EE0F}.Debug|Any CPU.Build.0 = Debug|Any CPU
		{4164F3D5-E77B-45F4-B185-EA9CB2B3EE0F}.Debug|x64.ActiveCfg = Debug|Any CPU
		{4164F3D5-E77B-45F4-B185-EA9CB2B3EE0F}.Debug|x64.Build.0 = Debug|Any CPU
		{4164F3D5-E77B-45F4-B185-EA9CB2B3EE0F}.Debug|x86.ActiveCfg = Debug|Any CPU
		{4164F3D5-E77B-45F4-B185-EA9CB2B3EE0F}.Debug|x86.Build.0 = Debug|Any CPU
		{4164F3D5-E77B-45F4-B185-EA9CB2B3EE0F}.Release|Any CPU.ActiveCfg = Release|Any CPU
		{4164F3D5-E77B-45F4-B185-EA9CB2B3EE0F}.Release|Any CPU.Build.0 = Release|Any CPU
		{4164F3D5-E77B-45F4-B185-EA9CB2B3EE0F}.Release|x64.ActiveCfg = Release|Any CPU
		{4164F3D5-E77B-45F4-B185-EA9CB2B3EE0F}.Release|x64.Build.0 = Release|Any CPU
		{4164F3D5-E77B-45F4-B185-EA9CB2B3EE0F}.Release|x86.ActiveCfg = Release|Any CPU
		{4164F3D5-E77B-45F4-B185-EA9CB2B3EE0F}.Release|x86.Build.0 = Release|Any CPU
		{9FC840C9-DB71-4C89-A593-ACC8370F4B1F}.Debug|Any CPU.ActiveCfg = Debug|Any CPU
		{9FC840C9-DB71-4C89-A593-ACC8370F4B1F}.Debug|Any CPU.Build.0 = Debug|Any CPU
		{9FC840C9-DB71-4C89-A593-ACC8370F4B1F}.Debug|x64.ActiveCfg = Debug|Any CPU
		{9FC840C9-DB71-4C89-A593-ACC8370F4B1F}.Debug|x64.Build.0 = Debug|Any CPU
		{9FC840C9-DB71-4C89-A593-ACC8370F4B1F}.Debug|x86.ActiveCfg = Debug|Any CPU
		{9FC840C9-DB71-4C89-A593-ACC8370F4B1F}.Debug|x86.Build.0 = Debug|Any CPU
		{9FC840C9-DB71-4C89-A593-ACC8370F4B1F}.Release|Any CPU.ActiveCfg = Release|Any CPU
		{9FC840C9-DB71-4C89-A593-ACC8370F4B1F}.Release|Any CPU.Build.0 = Release|Any CPU
		{9FC840C9-DB71-4C89-A593-ACC8370F4B1F}.Release|x64.ActiveCfg = Release|Any CPU
		{9FC840C9-DB71-4C89-A593-ACC8370F4B1F}.Release|x64.Build.0 = Release|Any CPU
		{9FC840C9-DB71-4C89-A593-ACC8370F4B1F}.Release|x86.ActiveCfg = Release|Any CPU
		{9FC840C9-DB71-4C89-A593-ACC8370F4B1F}.Release|x86.Build.0 = Release|Any CPU
		{020CC11E-E899-4F5F-95DA-CB003C4C4C50}.Debug|Any CPU.ActiveCfg = Debug|Any CPU
		{020CC11E-E899-4F5F-95DA-CB003C4C4C50}.Debug|Any CPU.Build.0 = Debug|Any CPU
		{020CC11E-E899-4F5F-95DA-CB003C4C4C50}.Debug|x64.ActiveCfg = Debug|Any CPU
		{020CC11E-E899-4F5F-95DA-CB003C4C4C50}.Debug|x64.Build.0 = Debug|Any CPU
		{020CC11E-E899-4F5F-95DA-CB003C4C4C50}.Debug|x86.ActiveCfg = Debug|Any CPU
		{020CC11E-E899-4F5F-95DA-CB003C4C4C50}.Debug|x86.Build.0 = Debug|Any CPU
		{020CC11E-E899-4F5F-95DA-CB003C4C4C50}.Release|Any CPU.ActiveCfg = Release|Any CPU
		{020CC11E-E899-4F5F-95DA-CB003C4C4C50}.Release|Any CPU.Build.0 = Release|Any CPU
		{020CC11E-E899-4F5F-95DA-CB003C4C4C50}.Release|x64.ActiveCfg = Release|Any CPU
		{020CC11E-E899-4F5F-95DA-CB003C4C4C50}.Release|x64.Build.0 = Release|Any CPU
		{020CC11E-E899-4F5F-95DA-CB003C4C4C50}.Release|x86.ActiveCfg = Release|Any CPU
		{020CC11E-E899-4F5F-95DA-CB003C4C4C50}.Release|x86.Build.0 = Release|Any CPU
		{D10B2A84-617E-43B2-9341-92C42D211B00}.Debug|Any CPU.ActiveCfg = Debug|Any CPU
		{D10B2A84-617E-43B2-9341-92C42D211B00}.Debug|Any CPU.Build.0 = Debug|Any CPU
		{D10B2A84-617E-43B2-9341-92C42D211B00}.Debug|x64.ActiveCfg = Debug|Any CPU
		{D10B2A84-617E-43B2-9341-92C42D211B00}.Debug|x64.Build.0 = Debug|Any CPU
		{D10B2A84-617E-43B2-9341-92C42D211B00}.Debug|x86.ActiveCfg = Debug|Any CPU
		{D10B2A84-617E-43B2-9341-92C42D211B00}.Debug|x86.Build.0 = Debug|Any CPU
		{D10B2A84-617E-43B2-9341-92C42D211B00}.Release|Any CPU.ActiveCfg = Release|Any CPU
		{D10B2A84-617E-43B2-9341-92C42D211B00}.Release|Any CPU.Build.0 = Release|Any CPU
		{D10B2A84-617E-43B2-9341-92C42D211B00}.Release|x64.ActiveCfg = Release|Any CPU
		{D10B2A84-617E-43B2-9341-92C42D211B00}.Release|x64.Build.0 = Release|Any CPU
		{D10B2A84-617E-43B2-9341-92C42D211B00}.Release|x86.ActiveCfg = Release|Any CPU
		{D10B2A84-617E-43B2-9341-92C42D211B00}.Release|x86.Build.0 = Release|Any CPU
		{509F215B-7880-46ED-B9DD-613D82BC3F85}.Debug|Any CPU.ActiveCfg = Debug|Any CPU
		{509F215B-7880-46ED-B9DD-613D82BC3F85}.Debug|Any CPU.Build.0 = Debug|Any CPU
		{509F215B-7880-46ED-B9DD-613D82BC3F85}.Debug|x64.ActiveCfg = Debug|Any CPU
		{509F215B-7880-46ED-B9DD-613D82BC3F85}.Debug|x64.Build.0 = Debug|Any CPU
		{509F215B-7880-46ED-B9DD-613D82BC3F85}.Debug|x86.ActiveCfg = Debug|Any CPU
		{509F215B-7880-46ED-B9DD-613D82BC3F85}.Debug|x86.Build.0 = Debug|Any CPU
		{509F215B-7880-46ED-B9DD-613D82BC3F85}.Release|Any CPU.ActiveCfg = Release|Any CPU
		{509F215B-7880-46ED-B9DD-613D82BC3F85}.Release|Any CPU.Build.0 = Release|Any CPU
		{509F215B-7880-46ED-B9DD-613D82BC3F85}.Release|x64.ActiveCfg = Release|Any CPU
		{509F215B-7880-46ED-B9DD-613D82BC3F85}.Release|x64.Build.0 = Release|Any CPU
		{509F215B-7880-46ED-B9DD-613D82BC3F85}.Release|x86.ActiveCfg = Release|Any CPU
		{509F215B-7880-46ED-B9DD-613D82BC3F85}.Release|x86.Build.0 = Release|Any CPU
		{020CD964-A897-4042-96C5-349A7A5E199F}.Debug|Any CPU.ActiveCfg = Debug|Any CPU
		{020CD964-A897-4042-96C5-349A7A5E199F}.Debug|Any CPU.Build.0 = Debug|Any CPU
		{020CD964-A897-4042-96C5-349A7A5E199F}.Debug|x64.ActiveCfg = Debug|Any CPU
		{020CD964-A897-4042-96C5-349A7A5E199F}.Debug|x64.Build.0 = Debug|Any CPU
		{020CD964-A897-4042-96C5-349A7A5E199F}.Debug|x86.ActiveCfg = Debug|Any CPU
		{020CD964-A897-4042-96C5-349A7A5E199F}.Debug|x86.Build.0 = Debug|Any CPU
		{020CD964-A897-4042-96C5-349A7A5E199F}.Release|Any CPU.ActiveCfg = Release|Any CPU
		{020CD964-A897-4042-96C5-349A7A5E199F}.Release|Any CPU.Build.0 = Release|Any CPU
		{020CD964-A897-4042-96C5-349A7A5E199F}.Release|x64.ActiveCfg = Release|Any CPU
		{020CD964-A897-4042-96C5-349A7A5E199F}.Release|x64.Build.0 = Release|Any CPU
		{020CD964-A897-4042-96C5-349A7A5E199F}.Release|x86.ActiveCfg = Release|Any CPU
		{020CD964-A897-4042-96C5-349A7A5E199F}.Release|x86.Build.0 = Release|Any CPU
		{E491564B-3F5B-A333-8E28-BCE429CB706D}.Debug|Any CPU.ActiveCfg = Debug|Any CPU
		{E491564B-3F5B-A333-8E28-BCE429CB706D}.Debug|Any CPU.Build.0 = Debug|Any CPU
		{E491564B-3F5B-A333-8E28-BCE429CB706D}.Debug|x64.ActiveCfg = Debug|Any CPU
		{E491564B-3F5B-A333-8E28-BCE429CB706D}.Debug|x64.Build.0 = Debug|Any CPU
		{E491564B-3F5B-A333-8E28-BCE429CB706D}.Debug|x86.ActiveCfg = Debug|Any CPU
		{E491564B-3F5B-A333-8E28-BCE429CB706D}.Debug|x86.Build.0 = Debug|Any CPU
		{E491564B-3F5B-A333-8E28-BCE429CB706D}.Release|Any CPU.ActiveCfg = Release|Any CPU
		{E491564B-3F5B-A333-8E28-BCE429CB706D}.Release|Any CPU.Build.0 = Release|Any CPU
		{E491564B-3F5B-A333-8E28-BCE429CB706D}.Release|x64.ActiveCfg = Release|Any CPU
		{E491564B-3F5B-A333-8E28-BCE429CB706D}.Release|x64.Build.0 = Release|Any CPU
		{E491564B-3F5B-A333-8E28-BCE429CB706D}.Release|x86.ActiveCfg = Release|Any CPU
		{E491564B-3F5B-A333-8E28-BCE429CB706D}.Release|x86.Build.0 = Release|Any CPU
		{0C27D8AF-255C-4BFF-8C54-783B731BA220}.Debug|Any CPU.ActiveCfg = Debug|Any CPU
		{0C27D8AF-255C-4BFF-8C54-783B731BA220}.Debug|Any CPU.Build.0 = Debug|Any CPU
		{0C27D8AF-255C-4BFF-8C54-783B731BA220}.Debug|x64.ActiveCfg = Debug|Any CPU
		{0C27D8AF-255C-4BFF-8C54-783B731BA220}.Debug|x64.Build.0 = Debug|Any CPU
		{0C27D8AF-255C-4BFF-8C54-783B731BA220}.Debug|x86.ActiveCfg = Debug|Any CPU
		{0C27D8AF-255C-4BFF-8C54-783B731BA220}.Debug|x86.Build.0 = Debug|Any CPU
		{0C27D8AF-255C-4BFF-8C54-783B731BA220}.Release|Any CPU.ActiveCfg = Release|Any CPU
		{0C27D8AF-255C-4BFF-8C54-783B731BA220}.Release|Any CPU.Build.0 = Release|Any CPU
		{0C27D8AF-255C-4BFF-8C54-783B731BA220}.Release|x64.ActiveCfg = Release|Any CPU
		{0C27D8AF-255C-4BFF-8C54-783B731BA220}.Release|x64.Build.0 = Release|Any CPU
		{0C27D8AF-255C-4BFF-8C54-783B731BA220}.Release|x86.ActiveCfg = Release|Any CPU
		{0C27D8AF-255C-4BFF-8C54-783B731BA220}.Release|x86.Build.0 = Release|Any CPU
		{B00C02E6-B769-41AB-8EB4-37FEC1156D8C}.Debug|Any CPU.ActiveCfg = Debug|Any CPU
		{B00C02E6-B769-41AB-8EB4-37FEC1156D8C}.Debug|Any CPU.Build.0 = Debug|Any CPU
		{B00C02E6-B769-41AB-8EB4-37FEC1156D8C}.Debug|x64.ActiveCfg = Debug|Any CPU
		{B00C02E6-B769-41AB-8EB4-37FEC1156D8C}.Debug|x64.Build.0 = Debug|Any CPU
		{B00C02E6-B769-41AB-8EB4-37FEC1156D8C}.Debug|x86.ActiveCfg = Debug|Any CPU
		{B00C02E6-B769-41AB-8EB4-37FEC1156D8C}.Debug|x86.Build.0 = Debug|Any CPU
		{B00C02E6-B769-41AB-8EB4-37FEC1156D8C}.Release|Any CPU.ActiveCfg = Release|Any CPU
		{B00C02E6-B769-41AB-8EB4-37FEC1156D8C}.Release|Any CPU.Build.0 = Release|Any CPU
		{B00C02E6-B769-41AB-8EB4-37FEC1156D8C}.Release|x64.ActiveCfg = Release|Any CPU
		{B00C02E6-B769-41AB-8EB4-37FEC1156D8C}.Release|x64.Build.0 = Release|Any CPU
		{B00C02E6-B769-41AB-8EB4-37FEC1156D8C}.Release|x86.ActiveCfg = Release|Any CPU
		{B00C02E6-B769-41AB-8EB4-37FEC1156D8C}.Release|x86.Build.0 = Release|Any CPU
		{A9101DF5-9120-4676-A0C2-CE2B161EE375}.Debug|Any CPU.ActiveCfg = Debug|Any CPU
		{A9101DF5-9120-4676-A0C2-CE2B161EE375}.Debug|Any CPU.Build.0 = Debug|Any CPU
		{A9101DF5-9120-4676-A0C2-CE2B161EE375}.Debug|x64.ActiveCfg = Debug|Any CPU
		{A9101DF5-9120-4676-A0C2-CE2B161EE375}.Debug|x64.Build.0 = Debug|Any CPU
		{A9101DF5-9120-4676-A0C2-CE2B161EE375}.Debug|x86.ActiveCfg = Debug|Any CPU
		{A9101DF5-9120-4676-A0C2-CE2B161EE375}.Debug|x86.Build.0 = Debug|Any CPU
		{A9101DF5-9120-4676-A0C2-CE2B161EE375}.Release|Any CPU.ActiveCfg = Release|Any CPU
		{A9101DF5-9120-4676-A0C2-CE2B161EE375}.Release|Any CPU.Build.0 = Release|Any CPU
		{A9101DF5-9120-4676-A0C2-CE2B161EE375}.Release|x64.ActiveCfg = Release|Any CPU
		{A9101DF5-9120-4676-A0C2-CE2B161EE375}.Release|x64.Build.0 = Release|Any CPU
		{A9101DF5-9120-4676-A0C2-CE2B161EE375}.Release|x86.ActiveCfg = Release|Any CPU
		{A9101DF5-9120-4676-A0C2-CE2B161EE375}.Release|x86.Build.0 = Release|Any CPU
		{9897F817-7A10-47F3-9F12-3D2E4B7CCD26}.Debug|Any CPU.ActiveCfg = Debug|Any CPU
		{9897F817-7A10-47F3-9F12-3D2E4B7CCD26}.Debug|Any CPU.Build.0 = Debug|Any CPU
		{9897F817-7A10-47F3-9F12-3D2E4B7CCD26}.Debug|x64.ActiveCfg = Debug|Any CPU
		{9897F817-7A10-47F3-9F12-3D2E4B7CCD26}.Debug|x64.Build.0 = Debug|Any CPU
		{9897F817-7A10-47F3-9F12-3D2E4B7CCD26}.Debug|x86.ActiveCfg = Debug|Any CPU
		{9897F817-7A10-47F3-9F12-3D2E4B7CCD26}.Debug|x86.Build.0 = Debug|Any CPU
		{9897F817-7A10-47F3-9F12-3D2E4B7CCD26}.Release|Any CPU.ActiveCfg = Release|Any CPU
		{9897F817-7A10-47F3-9F12-3D2E4B7CCD26}.Release|Any CPU.Build.0 = Release|Any CPU
		{9897F817-7A10-47F3-9F12-3D2E4B7CCD26}.Release|x64.ActiveCfg = Release|Any CPU
		{9897F817-7A10-47F3-9F12-3D2E4B7CCD26}.Release|x64.Build.0 = Release|Any CPU
		{9897F817-7A10-47F3-9F12-3D2E4B7CCD26}.Release|x86.ActiveCfg = Release|Any CPU
		{9897F817-7A10-47F3-9F12-3D2E4B7CCD26}.Release|x86.Build.0 = Release|Any CPU
		{525C184D-971E-4F3A-B850-4ADC4839E24F}.Debug|Any CPU.ActiveCfg = Debug|Any CPU
		{525C184D-971E-4F3A-B850-4ADC4839E24F}.Debug|Any CPU.Build.0 = Debug|Any CPU
		{525C184D-971E-4F3A-B850-4ADC4839E24F}.Debug|x64.ActiveCfg = Debug|Any CPU
		{525C184D-971E-4F3A-B850-4ADC4839E24F}.Debug|x64.Build.0 = Debug|Any CPU
		{525C184D-971E-4F3A-B850-4ADC4839E24F}.Debug|x86.ActiveCfg = Debug|Any CPU
		{525C184D-971E-4F3A-B850-4ADC4839E24F}.Debug|x86.Build.0 = Debug|Any CPU
		{525C184D-971E-4F3A-B850-4ADC4839E24F}.Release|Any CPU.ActiveCfg = Release|Any CPU
		{525C184D-971E-4F3A-B850-4ADC4839E24F}.Release|Any CPU.Build.0 = Release|Any CPU
		{525C184D-971E-4F3A-B850-4ADC4839E24F}.Release|x64.ActiveCfg = Release|Any CPU
		{525C184D-971E-4F3A-B850-4ADC4839E24F}.Release|x64.Build.0 = Release|Any CPU
		{525C184D-971E-4F3A-B850-4ADC4839E24F}.Release|x86.ActiveCfg = Release|Any CPU
		{525C184D-971E-4F3A-B850-4ADC4839E24F}.Release|x86.Build.0 = Release|Any CPU
	EndGlobalSection
	GlobalSection(SolutionProperties) = preSolution
		HideSolutionNode = FALSE
	EndGlobalSection
	GlobalSection(NestedProjects) = preSolution
		{90E2FC57-9BCF-4026-8B11-35B9D1C1B958} = {AFF434D2-3AA1-4113-A907-E5E786712A6C}
		{BBB9464B-CD86-44BF-B56B-D8F688DAAE37} = {ECBB658A-2DDF-4114-BA01-A2320952EEC4}
		{46E876E0-39D5-47E5-8A2B-FCDB158D799D} = {E514D898-3499-487E-99DF-DF8CEEF9D11B}
		{43B8235C-2A1E-417A-89D4-944F54482947} = {F530F044-9D5E-449B-A7FC-7D3AED1A5FB6}
		{AB3041EE-B1F8-4D06-9515-3D6F1A0E5EB4} = {F530F044-9D5E-449B-A7FC-7D3AED1A5FB6}
		{0EC53728-9F1A-467D-89D9-CD79DBF89240} = {F530F044-9D5E-449B-A7FC-7D3AED1A5FB6}
		{F6D22883-7A48-4BA4-8C6E-8080BE0FF2A2} = {0934BC83-1C12-4079-B086-EE7B4FFC8829}
		{B191B93F-F1EE-4B23-87D5-5AEBDAA85870} = {8EEE3BC0-A5C6-4D71-AF9B-E220E8A4606A}
		{653F8763-9AE6-4C61-B3DD-399E00AF560A} = {508B01ED-E484-4C4D-A346-A944EC7CBEF6}
		{CCE87DD3-B3E3-4644-AFD7-90BA02085C0D} = {D202CCAD-226C-410C-9465-8B75970A0463}
		{F10D4B1C-E17E-4CDA-B6AA-5F22E94969A0} = {1D550D34-68D1-41FE-B210-FE1474F24D6F}
		{96BFFDB0-0508-4F0D-80F9-A1B9AFA47E19} = {1D550D34-68D1-41FE-B210-FE1474F24D6F}
		{68C328FB-2F44-4558-9128-CDBEE7A1D944} = {14A532C0-0084-43B5-B77D-FDA12B2A3118}
		{42950E01-0DFC-4ABD-B460-02E300BEF1EF} = {14A532C0-0084-43B5-B77D-FDA12B2A3118}
		{1CCE90B1-1E69-49E3-A21C-30B826A9831B} = {14A532C0-0084-43B5-B77D-FDA12B2A3118}
		{8A235DD3-77DD-4B76-A260-6AEC8B42FA68} = {F1D0D1C6-0E15-4300-A739-276FDE1BEB9F}
		{DE9C5897-55A4-4C7E-AA8A-F4C05A28557A} = {EED84B4B-9FCE-4AFD-90D5-CEFE3263DE66}
		{FF99F253-C42A-4AE2-9E95-42511C3E62ED} = {EED84B4B-9FCE-4AFD-90D5-CEFE3263DE66}
		{AF999885-15F3-4156-9A92-0203A300422E} = {7EB9CA78-A91E-4C88-91EC-768AA7E7B940}
		{71269BF7-05FF-4561-A802-F23D67CDD625} = {E514D898-3499-487E-99DF-DF8CEEF9D11B}
		{14A532C0-0084-43B5-B77D-FDA12B2A3118} = {D202CCAD-226C-410C-9465-8B75970A0463}
		{D2F497BF-7B2C-4751-A7DC-88722E9DA519} = {7CA6D9D9-7511-417B-B6EB-61A265BD8DFC}
		{65D5BDB1-5454-4240-BB52-DF65E626AB56} = {7CA6D9D9-7511-417B-B6EB-61A265BD8DFC}
		{809912B5-D087-4115-A209-54F62940B348} = {C3A9C5A0-5670-4E62-BDD1-FEB38A55557D}
		{61EC6180-AF4E-46D6-9B26-535B30D43560} = {809912B5-D087-4115-A209-54F62940B348}
		{247F65FF-7BCF-4A0E-92B2-D221E82496A2} = {809912B5-D087-4115-A209-54F62940B348}
		{4164F3D5-E77B-45F4-B185-EA9CB2B3EE0F} = {7288823D-A37A-4764-BDD1-8F30BCAB5FC9}
		{23BB7330-5E27-42CE-8E1B-BFE12D96989A} = {C3A9C5A0-5670-4E62-BDD1-FEB38A55557D}
		{9FC840C9-DB71-4C89-A593-ACC8370F4B1F} = {23BB7330-5E27-42CE-8E1B-BFE12D96989A}
		{020CC11E-E899-4F5F-95DA-CB003C4C4C50} = {23BB7330-5E27-42CE-8E1B-BFE12D96989A}
		{D10B2A84-617E-43B2-9341-92C42D211B00} = {23BB7330-5E27-42CE-8E1B-BFE12D96989A}
		{509F215B-7880-46ED-B9DD-613D82BC3F85} = {23BB7330-5E27-42CE-8E1B-BFE12D96989A}
		{020CD964-A897-4042-96C5-349A7A5E199F} = {ECBB658A-2DDF-4114-BA01-A2320952EEC4}
		{E491564B-3F5B-A333-8E28-BCE429CB706D} = {BDECDE7D-182D-45C4-B461-B4F3B43D6603}
		{461CB89A-18AF-4EB5-92BC-C9AE6AB6228A} = {AFF434D2-3AA1-4113-A907-E5E786712A6C}
		{0C27D8AF-255C-4BFF-8C54-783B731BA220} = {461CB89A-18AF-4EB5-92BC-C9AE6AB6228A}
		{B00C02E6-B769-41AB-8EB4-37FEC1156D8C} = {E7CB622C-890D-4D4E-BFAE-3CF7BD0BA574}
		{A9101DF5-9120-4676-A0C2-CE2B161EE375} = {9B286149-CDE9-4A60-A56A-1D10ECB345D7}
		{9897F817-7A10-47F3-9F12-3D2E4B7CCD26} = {F530F044-9D5E-449B-A7FC-7D3AED1A5FB6}
		{525C184D-971E-4F3A-B850-4ADC4839E24F} = {9B286149-CDE9-4A60-A56A-1D10ECB345D7}
	EndGlobalSection
	GlobalSection(ExtensibilityGlobals) = postSolution
		SolutionGuid = {43465066-A041-4BC9-BA36-965942B96F36}
	EndGlobalSection
EndGlobal
